// !$*UTF8*$!
{
	archiveVersion = 1;
	classes = {
	};
	objectVersion = 52;
	objects = {

/* Begin PBXBuildFile section */
		1326A737250FFD4000EFA7CF /* PropertyInfoTableViewCell.swift in Sources */ = {isa = PBXBuildFile; fileRef = 1326A736250FFD4000EFA7CF /* PropertyInfoTableViewCell.swift */; };
		133559EB24EDD09E00447EDE /* PickupTableViewCell.swift in Sources */ = {isa = PBXBuildFile; fileRef = 133559EA24EDD09E00447EDE /* PickupTableViewCell.swift */; };
		13518FBB2509C15D000C217F /* PropertyTableViewCell.swift in Sources */ = {isa = PBXBuildFile; fileRef = 13518FBA2509C15D000C217F /* PropertyTableViewCell.swift */; };
		1380291A24E63E820000C9FA /* StatisticsLayout.swift in Sources */ = {isa = PBXBuildFile; fileRef = 1380291924E63E820000C9FA /* StatisticsLayout.swift */; };
		1385B7692515A02A00953FD4 /* Payments.storyboard in Resources */ = {isa = PBXBuildFile; fileRef = 1385B7682515A02A00953FD4 /* Payments.storyboard */; };
		1385B76B2515ACC000953FD4 /* MakePaymentViewController.swift in Sources */ = {isa = PBXBuildFile; fileRef = 1385B76A2515ACC000953FD4 /* MakePaymentViewController.swift */; };
		1385B76D2515ADEF00953FD4 /* PaymentInvoiceViewController.swift in Sources */ = {isa = PBXBuildFile; fileRef = 1385B76C2515ADEF00953FD4 /* PaymentInvoiceViewController.swift */; };
		13A4A7CD24E1F332005326F9 /* Dashboard.storyboard in Resources */ = {isa = PBXBuildFile; fileRef = 13A4A7CC24E1F332005326F9 /* Dashboard.storyboard */; };
		13A4A7CF24E1F34D005326F9 /* Statistics.storyboard in Resources */ = {isa = PBXBuildFile; fileRef = 13A4A7CE24E1F34D005326F9 /* Statistics.storyboard */; };
		13A4A7D124E1F363005326F9 /* Pickups.storyboard in Resources */ = {isa = PBXBuildFile; fileRef = 13A4A7D024E1F363005326F9 /* Pickups.storyboard */; };
		13A4A7D524E1F8CF005326F9 /* DashboardViewController.swift in Sources */ = {isa = PBXBuildFile; fileRef = 13A4A7D424E1F8CF005326F9 /* DashboardViewController.swift */; };
		13A4A7DC24E1FA42005326F9 /* Onboarding.storyboard in Resources */ = {isa = PBXBuildFile; fileRef = 13A4A7DB24E1FA42005326F9 /* Onboarding.storyboard */; };
		13A4A7DE24E1FB1E005326F9 /* HelperExtensions.swift in Sources */ = {isa = PBXBuildFile; fileRef = 13A4A7DD24E1FB1E005326F9 /* HelperExtensions.swift */; };
		13A4A7E224E2034F005326F9 /* DashboardCollectionViewCell.swift in Sources */ = {isa = PBXBuildFile; fileRef = 13A4A7E124E2034F005326F9 /* DashboardCollectionViewCell.swift */; };
		13A4A7E924E24A8B005326F9 /* DashboardLayout.swift in Sources */ = {isa = PBXBuildFile; fileRef = 13A4A7E824E24A8B005326F9 /* DashboardLayout.swift */; };
		13A4A7EB24E35923005326F9 /* SchedulePickupViewController.swift in Sources */ = {isa = PBXBuildFile; fileRef = 13A4A7EA24E35923005326F9 /* SchedulePickupViewController.swift */; };
		13A62495251BEA4600E335DC /* PickupDetailViewController.swift in Sources */ = {isa = PBXBuildFile; fileRef = 13A62494251BEA4600E335DC /* PickupDetailViewController.swift */; };
		13BA9FDE24FD9FF800973F03 /* ConfrimPickupViewController.swift in Sources */ = {isa = PBXBuildFile; fileRef = 13BA9FDD24FD9FF800973F03 /* ConfrimPickupViewController.swift */; };
		13BA9FE025001A7900973F03 /* ProfileViewController.swift in Sources */ = {isa = PBXBuildFile; fileRef = 13BA9FDF25001A7900973F03 /* ProfileViewController.swift */; };
		13BA9FE225001A8500973F03 /* PropertiesViewController.swift in Sources */ = {isa = PBXBuildFile; fileRef = 13BA9FE125001A8500973F03 /* PropertiesViewController.swift */; };
		13C23F6024EC94AF00DC3F9A /* ImpactStatisticsIndividualCollectionViewCell.swift in Sources */ = {isa = PBXBuildFile; fileRef = 13C23F5F24EC94AF00DC3F9A /* ImpactStatisticsIndividualCollectionViewCell.swift */; };
		13D15E4B250895C700F021D5 /* ProfileInfoTableViewCell.swift in Sources */ = {isa = PBXBuildFile; fileRef = 13D15E4A250895C700F021D5 /* ProfileInfoTableViewCell.swift */; };
		13DC372424E63B5F00AE20B3 /* ImpactStatisticsViewController.swift in Sources */ = {isa = PBXBuildFile; fileRef = 13DC372324E63B5F00AE20B3 /* ImpactStatisticsViewController.swift */; };
		13DC372624E63C0A00AE20B3 /* ImpactStatisticsOverallCollectionViewCell.swift in Sources */ = {isa = PBXBuildFile; fileRef = 13DC372524E63C0A00AE20B3 /* ImpactStatisticsOverallCollectionViewCell.swift */; };
		13E0E39F24F819BC008AE0F8 /* PickupCartonTableViewCell.swift in Sources */ = {isa = PBXBuildFile; fileRef = 13E0E39E24F819BC008AE0F8 /* PickupCartonTableViewCell.swift */; };
		13EF37B7250FE86E002E7959 /* PropertyDetailViewController.swift in Sources */ = {isa = PBXBuildFile; fileRef = 13EF37B6250FE86E002E7959 /* PropertyDetailViewController.swift */; };
		13FD2A9324E4575D006D6B43 /* PickupDateTableViewCell.swift in Sources */ = {isa = PBXBuildFile; fileRef = 13FD2A9224E4575D006D6B43 /* PickupDateTableViewCell.swift */; };
		13FD2A9524E45788006D6B43 /* PickupNotesTableViewCell.swift in Sources */ = {isa = PBXBuildFile; fileRef = 13FD2A9424E45788006D6B43 /* PickupNotesTableViewCell.swift */; };
		13FD2A9924E457A1006D6B43 /* PickupPropertyTableViewCell.swift in Sources */ = {isa = PBXBuildFile; fileRef = 13FD2A9824E457A1006D6B43 /* PickupPropertyTableViewCell.swift */; };
		13FD2A9C24E45C79006D6B43 /* AddPickupCartonTableViewCell.swift in Sources */ = {isa = PBXBuildFile; fileRef = 13FD2A9B24E45C79006D6B43 /* AddPickupCartonTableViewCell.swift */; };
		13FD2AA024E46A72006D6B43 /* SelectPropertyViewController.swift in Sources */ = {isa = PBXBuildFile; fileRef = 13FD2A9F24E46A72006D6B43 /* SelectPropertyViewController.swift */; };
		13FD2AA224E49B39006D6B43 /* PickupsViewController.swift in Sources */ = {isa = PBXBuildFile; fileRef = 13FD2AA124E49B39006D6B43 /* PickupsViewController.swift */; };
		463AD24324CF275900447BB8 /* ProfileDetailViewController.swift in Sources */ = {isa = PBXBuildFile; fileRef = 463AD24224CF275900447BB8 /* ProfileDetailViewController.swift */; };
		463AD24524CF2CDB00447BB8 /* AddProfileViewController.swift in Sources */ = {isa = PBXBuildFile; fileRef = 463AD24424CF2CDB00447BB8 /* AddProfileViewController.swift */; };
		466C4274249A8748007D033E /* AppDelegate.swift in Sources */ = {isa = PBXBuildFile; fileRef = 466C4273249A8748007D033E /* AppDelegate.swift */; };
		466C4276249A8748007D033E /* SceneDelegate.swift in Sources */ = {isa = PBXBuildFile; fileRef = 466C4275249A8748007D033E /* SceneDelegate.swift */; };
		466C427B249A8748007D033E /* Main.storyboard in Resources */ = {isa = PBXBuildFile; fileRef = 466C4279249A8748007D033E /* Main.storyboard */; };
		466C427D249A8749007D033E /* Assets.xcassets in Resources */ = {isa = PBXBuildFile; fileRef = 466C427C249A8749007D033E /* Assets.xcassets */; };
		466C4280249A8749007D033E /* LaunchScreen.storyboard in Resources */ = {isa = PBXBuildFile; fileRef = 466C427E249A8749007D033E /* LaunchScreen.storyboard */; };
		46BEB4E124C9828800FE0CD1 /* Profile.swift in Sources */ = {isa = PBXBuildFile; fileRef = 46BEB4E024C9828800FE0CD1 /* Profile.swift */; };
		46BEB4E524C98CDC00FE0CD1 /* LoginViewControllerStarter.swift in Sources */ = {isa = PBXBuildFile; fileRef = 46BEB4E424C98CDC00FE0CD1 /* LoginViewControllerStarter.swift */; };
		46BEB4E724C98D8900FE0CD1 /* Notifications.swift in Sources */ = {isa = PBXBuildFile; fileRef = 46BEB4E624C98D8900FE0CD1 /* Notifications.swift */; };
		46BEB4E924C98DAF00FE0CD1 /* ProfileListViewController.swift in Sources */ = {isa = PBXBuildFile; fileRef = 46BEB4E824C98DAF00FE0CD1 /* ProfileListViewController.swift */; };
		46BEB4EE24C98ECC00FE0CD1 /* ProfileController.swift in Sources */ = {isa = PBXBuildFile; fileRef = 46BEB4ED24C98ECC00FE0CD1 /* ProfileController.swift */; };
		46BEB4F124C98F0D00FE0CD1 /* Profiles.storyboard in Resources */ = {isa = PBXBuildFile; fileRef = 46BEB4F024C98F0D00FE0CD1 /* Profiles.storyboard */; };
		46BF10BE24D388FF001C6753 /* UIViewController+SimpleAlert.swift in Sources */ = {isa = PBXBuildFile; fileRef = 46BF10BD24D388FF001C6753 /* UIViewController+SimpleAlert.swift */; };
		46C2BC9224D432F90077E49D /* ProfileTabBarViewController.swift in Sources */ = {isa = PBXBuildFile; fileRef = 46C2BC9124D432F90077E49D /* ProfileTabBarViewController.swift */; };
		9C25231C24F9E2BB0023D660 /* DateFormatter.swift in Sources */ = {isa = PBXBuildFile; fileRef = 9C25231B24F9E2BB0023D660 /* DateFormatter.swift */; };
		9C25231E24F9E2C20023D660 /* Date.swift in Sources */ = {isa = PBXBuildFile; fileRef = 9C25231D24F9E2C20023D660 /* Date.swift */; };
		9C2C775F24E1EE9E006EF13C /* OktaAuth in Frameworks */ = {isa = PBXBuildFile; productRef = 9C2C775E24E1EE9E006EF13C /* OktaAuth */; };
		9C364A8E24F5EA1600FF204D /* Mutator.swift in Sources */ = {isa = PBXBuildFile; fileRef = 9C364A8D24F5EA1600FF204D /* Mutator.swift */; };
		9C364A9124F60E6100FF204D /* PickupInput.swift in Sources */ = {isa = PBXBuildFile; fileRef = 9C364A9024F60E6100FF204D /* PickupInput.swift */; };
		9C364A9324F60E8300FF204D /* CartonInput.swift in Sources */ = {isa = PBXBuildFile; fileRef = 9C364A9224F60E8300FF204D /* CartonInput.swift */; };
		9C364A9624F6217000FF204D /* ControllerEnums.swift in Sources */ = {isa = PBXBuildFile; fileRef = 9C364A9524F6217000FF204D /* ControllerEnums.swift */; };
		9C364A9A24F6310E00FF204D /* Request.swift in Sources */ = {isa = PBXBuildFile; fileRef = 9C364A9924F6310E00FF204D /* Request.swift */; };
		9C364A9C24F6393D00FF204D /* Input.swift in Sources */ = {isa = PBXBuildFile; fileRef = 9C364A9B24F6393D00FF204D /* Input.swift */; };
		9C5F86DE24EF8DAC00DECB24 /* PickupCarton.swift in Sources */ = {isa = PBXBuildFile; fileRef = 9C5F86DD24EF8DAC00DECB24 /* PickupCarton.swift */; };
		9C9A98E124E4EF3C007FC7DA /* Queries.swift in Sources */ = {isa = PBXBuildFile; fileRef = 9C9A98E024E4EF3C007FC7DA /* Queries.swift */; };
		9C9A98E324E4F0D3007FC7DA /* NetworkController.swift in Sources */ = {isa = PBXBuildFile; fileRef = 9C9A98E224E4F0D3007FC7DA /* NetworkController.swift */; };
		9C9A98E624E506A6007FC7DA /* User.swift in Sources */ = {isa = PBXBuildFile; fileRef = 9C9A98E524E506A6007FC7DA /* User.swift */; };
		9C9A98E824E5078B007FC7DA /* Property.swift in Sources */ = {isa = PBXBuildFile; fileRef = 9C9A98E724E5078B007FC7DA /* Property.swift */; };
		9C9A98EA24E508BE007FC7DA /* Pickup.swift in Sources */ = {isa = PBXBuildFile; fileRef = 9C9A98E924E508BE007FC7DA /* Pickup.swift */; };
		9C9A98EC24E509B7007FC7DA /* ImpactStats.swift in Sources */ = {isa = PBXBuildFile; fileRef = 9C9A98EB24E509B7007FC7DA /* ImpactStats.swift */; };
		9C9ACA6C24F71F8C002D47B5 /* CancelPickupInput.swift in Sources */ = {isa = PBXBuildFile; fileRef = 9C9ACA6B24F71F8C002D47B5 /* CancelPickupInput.swift */; };
		9C9ACA6E24F72327002D47B5 /* CreatePaymentInput.swift in Sources */ = {isa = PBXBuildFile; fileRef = 9C9ACA6D24F72327002D47B5 /* CreatePaymentInput.swift */; };
		9C9ACA7024F7296B002D47B5 /* AddressInput.swift in Sources */ = {isa = PBXBuildFile; fileRef = 9C9ACA6F24F7296B002D47B5 /* AddressInput.swift */; };
		9C9ACA7224F72EFD002D47B5 /* UpdateUserProfileInput.swift in Sources */ = {isa = PBXBuildFile; fileRef = 9C9ACA7124F72EFD002D47B5 /* UpdateUserProfileInput.swift */; };
		9C9ACA7524F7524C002D47B5 /* CoordinatesInput.swift in Sources */ = {isa = PBXBuildFile; fileRef = 9C9ACA7424F7524C002D47B5 /* CoordinatesInput.swift */; };
		9C9ACA7724F7541D002D47B5 /* ImpactStatsInput.swift in Sources */ = {isa = PBXBuildFile; fileRef = 9C9ACA7624F7541D002D47B5 /* ImpactStatsInput.swift */; };
		9C9ACA7924F76248002D47B5 /* UpdatePropertyInput.swift in Sources */ = {isa = PBXBuildFile; fileRef = 9C9ACA7824F76248002D47B5 /* UpdatePropertyInput.swift */; };
		9C9ACA7E24F779D2002D47B5 /* String.swift in Sources */ = {isa = PBXBuildFile; fileRef = 9C9ACA7D24F779D2002D47B5 /* String.swift */; };
		9CEA63B624EE24A700A2C446 /* APIEnums.swift in Sources */ = {isa = PBXBuildFile; fileRef = 9CEA63B524EE24A700A2C446 /* APIEnums.swift */; };
		9CEA63B924EE257600A2C446 /* Address.swift in Sources */ = {isa = PBXBuildFile; fileRef = 9CEA63B824EE257600A2C446 /* Address.swift */; };
		9CEA63BB24EE26E700A2C446 /* Coordinates.swift in Sources */ = {isa = PBXBuildFile; fileRef = 9CEA63BA24EE26E700A2C446 /* Coordinates.swift */; };
		9CEA63BD24EE2D2800A2C446 /* Hub.swift in Sources */ = {isa = PBXBuildFile; fileRef = 9CEA63BC24EE2D2800A2C446 /* Hub.swift */; };
		9CEA63BF24EE3CA200A2C446 /* HospitalityContract.swift in Sources */ = {isa = PBXBuildFile; fileRef = 9CEA63BE24EE3CA200A2C446 /* HospitalityContract.swift */; };
		9CEA63C124EF5E7800A2C446 /* Payment.swift in Sources */ = {isa = PBXBuildFile; fileRef = 9CEA63C024EF5E7800A2C446 /* Payment.swift */; };
/* End PBXBuildFile section */

/* Begin PBXFileReference section */
		1326A736250FFD4000EFA7CF /* PropertyInfoTableViewCell.swift */ = {isa = PBXFileReference; lastKnownFileType = sourcecode.swift; path = PropertyInfoTableViewCell.swift; sourceTree = "<group>"; };
		133559EA24EDD09E00447EDE /* PickupTableViewCell.swift */ = {isa = PBXFileReference; lastKnownFileType = sourcecode.swift; path = PickupTableViewCell.swift; sourceTree = "<group>"; };
		13518FBA2509C15D000C217F /* PropertyTableViewCell.swift */ = {isa = PBXFileReference; lastKnownFileType = sourcecode.swift; path = PropertyTableViewCell.swift; sourceTree = "<group>"; };
		1380291924E63E820000C9FA /* StatisticsLayout.swift */ = {isa = PBXFileReference; lastKnownFileType = sourcecode.swift; path = StatisticsLayout.swift; sourceTree = "<group>"; };
		1385B7682515A02A00953FD4 /* Payments.storyboard */ = {isa = PBXFileReference; lastKnownFileType = file.storyboard; path = Payments.storyboard; sourceTree = "<group>"; };
		1385B76A2515ACC000953FD4 /* MakePaymentViewController.swift */ = {isa = PBXFileReference; lastKnownFileType = sourcecode.swift; path = MakePaymentViewController.swift; sourceTree = "<group>"; };
		1385B76C2515ADEF00953FD4 /* PaymentInvoiceViewController.swift */ = {isa = PBXFileReference; lastKnownFileType = sourcecode.swift; path = PaymentInvoiceViewController.swift; sourceTree = "<group>"; };
		13A4A7CC24E1F332005326F9 /* Dashboard.storyboard */ = {isa = PBXFileReference; lastKnownFileType = file.storyboard; path = Dashboard.storyboard; sourceTree = "<group>"; };
		13A4A7CE24E1F34D005326F9 /* Statistics.storyboard */ = {isa = PBXFileReference; lastKnownFileType = file.storyboard; path = Statistics.storyboard; sourceTree = "<group>"; };
		13A4A7D024E1F363005326F9 /* Pickups.storyboard */ = {isa = PBXFileReference; lastKnownFileType = file.storyboard; path = Pickups.storyboard; sourceTree = "<group>"; };
		13A4A7D424E1F8CF005326F9 /* DashboardViewController.swift */ = {isa = PBXFileReference; lastKnownFileType = sourcecode.swift; path = DashboardViewController.swift; sourceTree = "<group>"; };
		13A4A7DB24E1FA42005326F9 /* Onboarding.storyboard */ = {isa = PBXFileReference; lastKnownFileType = file.storyboard; path = Onboarding.storyboard; sourceTree = "<group>"; };
		13A4A7DD24E1FB1E005326F9 /* HelperExtensions.swift */ = {isa = PBXFileReference; lastKnownFileType = sourcecode.swift; path = HelperExtensions.swift; sourceTree = "<group>"; };
		13A4A7E124E2034F005326F9 /* DashboardCollectionViewCell.swift */ = {isa = PBXFileReference; lastKnownFileType = sourcecode.swift; path = DashboardCollectionViewCell.swift; sourceTree = "<group>"; };
		13A4A7E824E24A8B005326F9 /* DashboardLayout.swift */ = {isa = PBXFileReference; lastKnownFileType = sourcecode.swift; path = DashboardLayout.swift; sourceTree = "<group>"; };
		13A4A7EA24E35923005326F9 /* SchedulePickupViewController.swift */ = {isa = PBXFileReference; lastKnownFileType = sourcecode.swift; path = SchedulePickupViewController.swift; sourceTree = "<group>"; };
		13A62494251BEA4600E335DC /* PickupDetailViewController.swift */ = {isa = PBXFileReference; lastKnownFileType = sourcecode.swift; path = PickupDetailViewController.swift; sourceTree = "<group>"; };
		13BA9FDD24FD9FF800973F03 /* ConfrimPickupViewController.swift */ = {isa = PBXFileReference; lastKnownFileType = sourcecode.swift; path = ConfrimPickupViewController.swift; sourceTree = "<group>"; };
		13BA9FDF25001A7900973F03 /* ProfileViewController.swift */ = {isa = PBXFileReference; lastKnownFileType = sourcecode.swift; path = ProfileViewController.swift; sourceTree = "<group>"; };
		13BA9FE125001A8500973F03 /* PropertiesViewController.swift */ = {isa = PBXFileReference; lastKnownFileType = sourcecode.swift; path = PropertiesViewController.swift; sourceTree = "<group>"; };
		13C23F5F24EC94AF00DC3F9A /* ImpactStatisticsIndividualCollectionViewCell.swift */ = {isa = PBXFileReference; lastKnownFileType = sourcecode.swift; path = ImpactStatisticsIndividualCollectionViewCell.swift; sourceTree = "<group>"; };
		13D15E4A250895C700F021D5 /* ProfileInfoTableViewCell.swift */ = {isa = PBXFileReference; lastKnownFileType = sourcecode.swift; path = ProfileInfoTableViewCell.swift; sourceTree = "<group>"; };
		13DC372324E63B5F00AE20B3 /* ImpactStatisticsViewController.swift */ = {isa = PBXFileReference; lastKnownFileType = sourcecode.swift; path = ImpactStatisticsViewController.swift; sourceTree = "<group>"; };
		13DC372524E63C0A00AE20B3 /* ImpactStatisticsOverallCollectionViewCell.swift */ = {isa = PBXFileReference; lastKnownFileType = sourcecode.swift; path = ImpactStatisticsOverallCollectionViewCell.swift; sourceTree = "<group>"; };
		13E0E39E24F819BC008AE0F8 /* PickupCartonTableViewCell.swift */ = {isa = PBXFileReference; lastKnownFileType = sourcecode.swift; path = PickupCartonTableViewCell.swift; sourceTree = "<group>"; };
		13EF37B6250FE86E002E7959 /* PropertyDetailViewController.swift */ = {isa = PBXFileReference; lastKnownFileType = sourcecode.swift; path = PropertyDetailViewController.swift; sourceTree = "<group>"; };
		13FD2A9224E4575D006D6B43 /* PickupDateTableViewCell.swift */ = {isa = PBXFileReference; lastKnownFileType = sourcecode.swift; path = PickupDateTableViewCell.swift; sourceTree = "<group>"; };
		13FD2A9424E45788006D6B43 /* PickupNotesTableViewCell.swift */ = {isa = PBXFileReference; lastKnownFileType = sourcecode.swift; path = PickupNotesTableViewCell.swift; sourceTree = "<group>"; };
		13FD2A9824E457A1006D6B43 /* PickupPropertyTableViewCell.swift */ = {isa = PBXFileReference; lastKnownFileType = sourcecode.swift; path = PickupPropertyTableViewCell.swift; sourceTree = "<group>"; };
		13FD2A9B24E45C79006D6B43 /* AddPickupCartonTableViewCell.swift */ = {isa = PBXFileReference; lastKnownFileType = sourcecode.swift; path = AddPickupCartonTableViewCell.swift; sourceTree = "<group>"; };
		13FD2A9F24E46A72006D6B43 /* SelectPropertyViewController.swift */ = {isa = PBXFileReference; lastKnownFileType = sourcecode.swift; path = SelectPropertyViewController.swift; sourceTree = "<group>"; };
		13FD2AA124E49B39006D6B43 /* PickupsViewController.swift */ = {isa = PBXFileReference; lastKnownFileType = sourcecode.swift; path = PickupsViewController.swift; sourceTree = "<group>"; };
		463AD24224CF275900447BB8 /* ProfileDetailViewController.swift */ = {isa = PBXFileReference; lastKnownFileType = sourcecode.swift; path = ProfileDetailViewController.swift; sourceTree = "<group>"; };
		463AD24424CF2CDB00447BB8 /* AddProfileViewController.swift */ = {isa = PBXFileReference; lastKnownFileType = sourcecode.swift; path = AddProfileViewController.swift; sourceTree = "<group>"; };
		466C4270249A8748007D033E /* labs-ios-starter.app */ = {isa = PBXFileReference; explicitFileType = wrapper.application; includeInIndex = 0; path = "labs-ios-starter.app"; sourceTree = BUILT_PRODUCTS_DIR; };
		466C4273249A8748007D033E /* AppDelegate.swift */ = {isa = PBXFileReference; lastKnownFileType = sourcecode.swift; path = AppDelegate.swift; sourceTree = "<group>"; };
		466C4275249A8748007D033E /* SceneDelegate.swift */ = {isa = PBXFileReference; lastKnownFileType = sourcecode.swift; path = SceneDelegate.swift; sourceTree = "<group>"; };
		466C427A249A8748007D033E /* Base */ = {isa = PBXFileReference; lastKnownFileType = file.storyboard; name = Base; path = Base.lproj/Main.storyboard; sourceTree = "<group>"; };
		466C427C249A8749007D033E /* Assets.xcassets */ = {isa = PBXFileReference; lastKnownFileType = folder.assetcatalog; path = Assets.xcassets; sourceTree = "<group>"; };
		466C427F249A8749007D033E /* Base */ = {isa = PBXFileReference; lastKnownFileType = file.storyboard; name = Base; path = Base.lproj/LaunchScreen.storyboard; sourceTree = "<group>"; };
		466C4281249A8749007D033E /* Info.plist */ = {isa = PBXFileReference; lastKnownFileType = text.plist.xml; path = Info.plist; sourceTree = "<group>"; };
		466C4287249A889F007D033E /* File Organization.md */ = {isa = PBXFileReference; lastKnownFileType = net.daringfireball.markdown; path = "File Organization.md"; sourceTree = "<group>"; };
		46BEB4E024C9828800FE0CD1 /* Profile.swift */ = {isa = PBXFileReference; lastKnownFileType = sourcecode.swift; path = Profile.swift; sourceTree = "<group>"; };
		46BEB4E424C98CDC00FE0CD1 /* LoginViewControllerStarter.swift */ = {isa = PBXFileReference; lastKnownFileType = sourcecode.swift; path = LoginViewControllerStarter.swift; sourceTree = "<group>"; };
		46BEB4E624C98D8900FE0CD1 /* Notifications.swift */ = {isa = PBXFileReference; lastKnownFileType = sourcecode.swift; path = Notifications.swift; sourceTree = "<group>"; };
		46BEB4E824C98DAF00FE0CD1 /* ProfileListViewController.swift */ = {isa = PBXFileReference; lastKnownFileType = sourcecode.swift; path = ProfileListViewController.swift; sourceTree = "<group>"; };
		46BEB4ED24C98ECC00FE0CD1 /* ProfileController.swift */ = {isa = PBXFileReference; fileEncoding = 4; lastKnownFileType = sourcecode.swift; path = ProfileController.swift; sourceTree = "<group>"; };
		46BEB4F024C98F0D00FE0CD1 /* Profiles.storyboard */ = {isa = PBXFileReference; lastKnownFileType = file.storyboard; path = Profiles.storyboard; sourceTree = "<group>"; };
		46BF10BD24D388FF001C6753 /* UIViewController+SimpleAlert.swift */ = {isa = PBXFileReference; lastKnownFileType = sourcecode.swift; path = "UIViewController+SimpleAlert.swift"; sourceTree = "<group>"; };
		46C2BC9124D432F90077E49D /* ProfileTabBarViewController.swift */ = {isa = PBXFileReference; lastKnownFileType = sourcecode.swift; path = ProfileTabBarViewController.swift; sourceTree = "<group>"; };
		9C25231B24F9E2BB0023D660 /* DateFormatter.swift */ = {isa = PBXFileReference; lastKnownFileType = sourcecode.swift; path = DateFormatter.swift; sourceTree = "<group>"; };
		9C25231D24F9E2C20023D660 /* Date.swift */ = {isa = PBXFileReference; lastKnownFileType = sourcecode.swift; path = Date.swift; sourceTree = "<group>"; };
		9C364A8D24F5EA1600FF204D /* Mutator.swift */ = {isa = PBXFileReference; lastKnownFileType = sourcecode.swift; path = Mutator.swift; sourceTree = "<group>"; };
		9C364A9024F60E6100FF204D /* PickupInput.swift */ = {isa = PBXFileReference; lastKnownFileType = sourcecode.swift; path = PickupInput.swift; sourceTree = "<group>"; };
		9C364A9224F60E8300FF204D /* CartonInput.swift */ = {isa = PBXFileReference; lastKnownFileType = sourcecode.swift; path = CartonInput.swift; sourceTree = "<group>"; };
		9C364A9524F6217000FF204D /* ControllerEnums.swift */ = {isa = PBXFileReference; lastKnownFileType = sourcecode.swift; path = ControllerEnums.swift; sourceTree = "<group>"; };
		9C364A9924F6310E00FF204D /* Request.swift */ = {isa = PBXFileReference; lastKnownFileType = sourcecode.swift; path = Request.swift; sourceTree = "<group>"; };
		9C364A9B24F6393D00FF204D /* Input.swift */ = {isa = PBXFileReference; lastKnownFileType = sourcecode.swift; path = Input.swift; sourceTree = "<group>"; };
		9C5F86DD24EF8DAC00DECB24 /* PickupCarton.swift */ = {isa = PBXFileReference; lastKnownFileType = sourcecode.swift; path = PickupCarton.swift; sourceTree = "<group>"; };
		9C9A98E024E4EF3C007FC7DA /* Queries.swift */ = {isa = PBXFileReference; lastKnownFileType = sourcecode.swift; path = Queries.swift; sourceTree = "<group>"; };
		9C9A98E224E4F0D3007FC7DA /* NetworkController.swift */ = {isa = PBXFileReference; lastKnownFileType = sourcecode.swift; path = NetworkController.swift; sourceTree = "<group>"; };
		9C9A98E524E506A6007FC7DA /* User.swift */ = {isa = PBXFileReference; lastKnownFileType = sourcecode.swift; path = User.swift; sourceTree = "<group>"; };
		9C9A98E724E5078B007FC7DA /* Property.swift */ = {isa = PBXFileReference; lastKnownFileType = sourcecode.swift; path = Property.swift; sourceTree = "<group>"; };
		9C9A98E924E508BE007FC7DA /* Pickup.swift */ = {isa = PBXFileReference; lastKnownFileType = sourcecode.swift; path = Pickup.swift; sourceTree = "<group>"; };
		9C9A98EB24E509B7007FC7DA /* ImpactStats.swift */ = {isa = PBXFileReference; lastKnownFileType = sourcecode.swift; path = ImpactStats.swift; sourceTree = "<group>"; };
		9C9ACA6B24F71F8C002D47B5 /* CancelPickupInput.swift */ = {isa = PBXFileReference; lastKnownFileType = sourcecode.swift; path = CancelPickupInput.swift; sourceTree = "<group>"; };
		9C9ACA6D24F72327002D47B5 /* CreatePaymentInput.swift */ = {isa = PBXFileReference; lastKnownFileType = sourcecode.swift; path = CreatePaymentInput.swift; sourceTree = "<group>"; };
		9C9ACA6F24F7296B002D47B5 /* AddressInput.swift */ = {isa = PBXFileReference; lastKnownFileType = sourcecode.swift; path = AddressInput.swift; sourceTree = "<group>"; };
		9C9ACA7124F72EFD002D47B5 /* UpdateUserProfileInput.swift */ = {isa = PBXFileReference; lastKnownFileType = sourcecode.swift; path = UpdateUserProfileInput.swift; sourceTree = "<group>"; };
		9C9ACA7424F7524C002D47B5 /* CoordinatesInput.swift */ = {isa = PBXFileReference; lastKnownFileType = sourcecode.swift; path = CoordinatesInput.swift; sourceTree = "<group>"; };
		9C9ACA7624F7541D002D47B5 /* ImpactStatsInput.swift */ = {isa = PBXFileReference; lastKnownFileType = sourcecode.swift; path = ImpactStatsInput.swift; sourceTree = "<group>"; };
		9C9ACA7824F76248002D47B5 /* UpdatePropertyInput.swift */ = {isa = PBXFileReference; lastKnownFileType = sourcecode.swift; path = UpdatePropertyInput.swift; sourceTree = "<group>"; };
		9C9ACA7D24F779D2002D47B5 /* String.swift */ = {isa = PBXFileReference; lastKnownFileType = sourcecode.swift; path = String.swift; sourceTree = "<group>"; };
		9CEA63B524EE24A700A2C446 /* APIEnums.swift */ = {isa = PBXFileReference; lastKnownFileType = sourcecode.swift; path = APIEnums.swift; sourceTree = "<group>"; };
		9CEA63B824EE257600A2C446 /* Address.swift */ = {isa = PBXFileReference; lastKnownFileType = sourcecode.swift; path = Address.swift; sourceTree = "<group>"; };
		9CEA63BA24EE26E700A2C446 /* Coordinates.swift */ = {isa = PBXFileReference; lastKnownFileType = sourcecode.swift; path = Coordinates.swift; sourceTree = "<group>"; };
		9CEA63BC24EE2D2800A2C446 /* Hub.swift */ = {isa = PBXFileReference; lastKnownFileType = sourcecode.swift; path = Hub.swift; sourceTree = "<group>"; };
		9CEA63BE24EE3CA200A2C446 /* HospitalityContract.swift */ = {isa = PBXFileReference; lastKnownFileType = sourcecode.swift; path = HospitalityContract.swift; sourceTree = "<group>"; };
		9CEA63C024EF5E7800A2C446 /* Payment.swift */ = {isa = PBXFileReference; lastKnownFileType = sourcecode.swift; path = Payment.swift; sourceTree = "<group>"; };
/* End PBXFileReference section */

/* Begin PBXFrameworksBuildPhase section */
		466C426D249A8748007D033E /* Frameworks */ = {
			isa = PBXFrameworksBuildPhase;
			buildActionMask = 2147483647;
			files = (
				9C2C775F24E1EE9E006EF13C /* OktaAuth in Frameworks */,
			);
			runOnlyForDeploymentPostprocessing = 0;
		};
/* End PBXFrameworksBuildPhase section */

/* Begin PBXGroup section */
		1385B76E2515ADF500953FD4 /* Payments */ = {
			isa = PBXGroup;
			children = (
				1385B76A2515ACC000953FD4 /* MakePaymentViewController.swift */,
				1385B76C2515ADEF00953FD4 /* PaymentInvoiceViewController.swift */,
			);
			path = Payments;
			sourceTree = "<group>";
		};
		13A4A7D224E1F374005326F9 /* Login */ = {
			isa = PBXGroup;
			children = (
				46BEB4EB24C98EB400FE0CD1 /* Model */,
				46BEB4EC24C98EBB00FE0CD1 /* Model Controller */,
				46BEB4EF24C98ED900FE0CD1 /* Login */,
				46BEB4F224C98F1100FE0CD1 /* Profiles */,
				46BEB4EA24C98EA300FE0CD1 /* Helpers */,
			);
			path = Login;
			sourceTree = "<group>";
		};
		13A4A7D324E1F384005326F9 /* Storyboards */ = {
			isa = PBXGroup;
			children = (
				13A4A7CC24E1F332005326F9 /* Dashboard.storyboard */,
				13A4A7CE24E1F34D005326F9 /* Statistics.storyboard */,
				13A4A7D024E1F363005326F9 /* Pickups.storyboard */,
				13A4A7DB24E1FA42005326F9 /* Onboarding.storyboard */,
				1385B7682515A02A00953FD4 /* Payments.storyboard */,
			);
			path = Storyboards;
			sourceTree = "<group>";
		};
		13A4A7D624E1F8D4005326F9 /* Dashboard */ = {
			isa = PBXGroup;
			children = (
				13A4A7D424E1F8CF005326F9 /* DashboardViewController.swift */,
				13BA9FDF25001A7900973F03 /* ProfileViewController.swift */,
				13BA9FE125001A8500973F03 /* PropertiesViewController.swift */,
				13EF37B6250FE86E002E7959 /* PropertyDetailViewController.swift */,
			);
			path = Dashboard;
			sourceTree = "<group>";
		};
		13A4A7D724E1F8DE005326F9 /* View Controllers */ = {
			isa = PBXGroup;
			children = (
				13A4A7D624E1F8D4005326F9 /* Dashboard */,
				13A4A7EC24E3592C005326F9 /* Pickups */,
				13DC372224E5EFA800AE20B3 /* Impact Statistics */,
				13A4A7D224E1F374005326F9 /* Login */,
				1385B76E2515ADF500953FD4 /* Payments */,
			);
			path = "View Controllers";
			sourceTree = "<group>";
		};
		13A4A7D824E1F8FB005326F9 /* Application */ = {
			isa = PBXGroup;
			children = (
				466C4273249A8748007D033E /* AppDelegate.swift */,
				466C4275249A8748007D033E /* SceneDelegate.swift */,
				466C427E249A8749007D033E /* LaunchScreen.storyboard */,
				466C427C249A8749007D033E /* Assets.xcassets */,
				466C4281249A8749007D033E /* Info.plist */,
				466C4287249A889F007D033E /* File Organization.md */,
				13A4A7DD24E1FB1E005326F9 /* HelperExtensions.swift */,
			);
			path = Application;
			sourceTree = "<group>";
		};
		13A4A7E324E20353005326F9 /* Views */ = {
			isa = PBXGroup;
			children = (
				13A4A7E424E2035F005326F9 /* Dashboard */,
				13FD2A9A24E457A5006D6B43 /* Pickups */,
				13DC372724E63C0E00AE20B3 /* Impact Statistics */,
			);
			path = Views;
			sourceTree = "<group>";
		};
		13A4A7E424E2035F005326F9 /* Dashboard */ = {
			isa = PBXGroup;
			children = (
				13518FBA2509C15D000C217F /* PropertyTableViewCell.swift */,
				13A4A7E124E2034F005326F9 /* DashboardCollectionViewCell.swift */,
				13A4A7E824E24A8B005326F9 /* DashboardLayout.swift */,
				13D15E4A250895C700F021D5 /* ProfileInfoTableViewCell.swift */,
				1326A736250FFD4000EFA7CF /* PropertyInfoTableViewCell.swift */,
			);
			path = Dashboard;
			sourceTree = "<group>";
		};
		13A4A7EC24E3592C005326F9 /* Pickups */ = {
			isa = PBXGroup;
			children = (
				13FD2AA124E49B39006D6B43 /* PickupsViewController.swift */,
				13A4A7EA24E35923005326F9 /* SchedulePickupViewController.swift */,
				13FD2A9F24E46A72006D6B43 /* SelectPropertyViewController.swift */,
				13BA9FDD24FD9FF800973F03 /* ConfrimPickupViewController.swift */,
				13A62494251BEA4600E335DC /* PickupDetailViewController.swift */,
			);
			path = Pickups;
			sourceTree = "<group>";
		};
		13DC372224E5EFA800AE20B3 /* Impact Statistics */ = {
			isa = PBXGroup;
			children = (
				13DC372324E63B5F00AE20B3 /* ImpactStatisticsViewController.swift */,
			);
			path = "Impact Statistics";
			sourceTree = "<group>";
		};
		13DC372724E63C0E00AE20B3 /* Impact Statistics */ = {
			isa = PBXGroup;
			children = (
				13DC372524E63C0A00AE20B3 /* ImpactStatisticsOverallCollectionViewCell.swift */,
				13C23F5F24EC94AF00DC3F9A /* ImpactStatisticsIndividualCollectionViewCell.swift */,
				1380291924E63E820000C9FA /* StatisticsLayout.swift */,
			);
			path = "Impact Statistics";
			sourceTree = "<group>";
		};
		13FD2A9A24E457A5006D6B43 /* Pickups */ = {
			isa = PBXGroup;
			children = (
				133559EA24EDD09E00447EDE /* PickupTableViewCell.swift */,
				13FD2A9224E4575D006D6B43 /* PickupDateTableViewCell.swift */,
				13FD2A9424E45788006D6B43 /* PickupNotesTableViewCell.swift */,
				13FD2A9824E457A1006D6B43 /* PickupPropertyTableViewCell.swift */,
				13FD2A9B24E45C79006D6B43 /* AddPickupCartonTableViewCell.swift */,
				13E0E39E24F819BC008AE0F8 /* PickupCartonTableViewCell.swift */,
			);
			path = Pickups;
			sourceTree = "<group>";
		};
		466C4267249A8748007D033E = {
			isa = PBXGroup;
			children = (
				466C4272249A8748007D033E /* labs-ios-starter */,
				466C4271249A8748007D033E /* Products */,
			);
			sourceTree = "<group>";
		};
		466C4271249A8748007D033E /* Products */ = {
			isa = PBXGroup;
			children = (
				466C4270249A8748007D033E /* labs-ios-starter.app */,
			);
			name = Products;
			sourceTree = "<group>";
		};
		466C4272249A8748007D033E /* labs-ios-starter */ = {
			isa = PBXGroup;
			children = (
				9C9ACA7C24F779BB002D47B5 /* Helpers */,
				9C9A98E424E5068B007FC7DA /* Models */,
				9C9A98DF24E4E22F007FC7DA /* Networking */,
				13A4A7D324E1F384005326F9 /* Storyboards */,
				13A4A7D724E1F8DE005326F9 /* View Controllers */,
				13A4A7E324E20353005326F9 /* Views */,
				13A4A7D824E1F8FB005326F9 /* Application */,
			);
			path = "labs-ios-starter";
			sourceTree = "<group>";
		};
		46BEB4EA24C98EA300FE0CD1 /* Helpers */ = {
			isa = PBXGroup;
			children = (
				46BEB4E624C98D8900FE0CD1 /* Notifications.swift */,
				46BF10BD24D388FF001C6753 /* UIViewController+SimpleAlert.swift */,
			);
			path = Helpers;
			sourceTree = "<group>";
		};
		46BEB4EB24C98EB400FE0CD1 /* Model */ = {
			isa = PBXGroup;
			children = (
				46BEB4E024C9828800FE0CD1 /* Profile.swift */,
			);
			path = Model;
			sourceTree = "<group>";
		};
		46BEB4EC24C98EBB00FE0CD1 /* Model Controller */ = {
			isa = PBXGroup;
			children = (
				46BEB4ED24C98ECC00FE0CD1 /* ProfileController.swift */,
			);
			path = "Model Controller";
			sourceTree = "<group>";
		};
		46BEB4EF24C98ED900FE0CD1 /* Login */ = {
			isa = PBXGroup;
			children = (
				46BEB4E424C98CDC00FE0CD1 /* LoginViewControllerStarter.swift */,
				463AD24424CF2CDB00447BB8 /* AddProfileViewController.swift */,
				466C4279249A8748007D033E /* Main.storyboard */,
				46C2BC9124D432F90077E49D /* ProfileTabBarViewController.swift */,
			);
			path = Login;
			sourceTree = "<group>";
		};
		46BEB4F224C98F1100FE0CD1 /* Profiles */ = {
			isa = PBXGroup;
			children = (
				46BEB4E824C98DAF00FE0CD1 /* ProfileListViewController.swift */,
				463AD24224CF275900447BB8 /* ProfileDetailViewController.swift */,
				46BEB4F024C98F0D00FE0CD1 /* Profiles.storyboard */,
			);
			path = Profiles;
			sourceTree = "<group>";
		};
		9C364A8F24F60E4F00FF204D /* Inputs */ = {
			isa = PBXGroup;
			children = (
				9C364A9B24F6393D00FF204D /* Input.swift */,
				9C364A9924F6310E00FF204D /* Request.swift */,
				9C9ACA7324F751DD002D47B5 /* Attributes */,
				9C364A9024F60E6100FF204D /* PickupInput.swift */,
				9C9ACA6B24F71F8C002D47B5 /* CancelPickupInput.swift */,
				9C9ACA6D24F72327002D47B5 /* CreatePaymentInput.swift */,
				9C9ACA7124F72EFD002D47B5 /* UpdateUserProfileInput.swift */,
				9C9ACA7824F76248002D47B5 /* UpdatePropertyInput.swift */,
			);
			path = Inputs;
			sourceTree = "<group>";
		};
		9C364A9424F6213A00FF204D /* Enums */ = {
			isa = PBXGroup;
			children = (
				9CEA63B524EE24A700A2C446 /* APIEnums.swift */,
				9C364A9524F6217000FF204D /* ControllerEnums.swift */,
			);
			path = Enums;
			sourceTree = "<group>";
		};
		9C9A98DF24E4E22F007FC7DA /* Networking */ = {
			isa = PBXGroup;
			children = (
				9C364A8F24F60E4F00FF204D /* Inputs */,
				9C9A98E024E4EF3C007FC7DA /* Queries.swift */,
				9C9A98E224E4F0D3007FC7DA /* NetworkController.swift */,
				9C364A8D24F5EA1600FF204D /* Mutator.swift */,
			);
			path = Networking;
			sourceTree = "<group>";
		};
		9C9A98E424E5068B007FC7DA /* Models */ = {
			isa = PBXGroup;
			children = (
				9C364A9424F6213A00FF204D /* Enums */,
				9CEA63B724EE256500A2C446 /* Property Models */,
				9C9A98E524E506A6007FC7DA /* User.swift */,
				9C9A98E724E5078B007FC7DA /* Property.swift */,
				9C9A98E924E508BE007FC7DA /* Pickup.swift */,
				9C9A98EB24E509B7007FC7DA /* ImpactStats.swift */,
				9CEA63BC24EE2D2800A2C446 /* Hub.swift */,
				9CEA63C024EF5E7800A2C446 /* Payment.swift */,
			);
			path = Models;
			sourceTree = "<group>";
		};
		9C9ACA7324F751DD002D47B5 /* Attributes */ = {
			isa = PBXGroup;
			children = (
				9C364A9224F60E8300FF204D /* CartonInput.swift */,
				9C9ACA6F24F7296B002D47B5 /* AddressInput.swift */,
				9C9ACA7424F7524C002D47B5 /* CoordinatesInput.swift */,
				9C9ACA7624F7541D002D47B5 /* ImpactStatsInput.swift */,
			);
			path = Attributes;
			sourceTree = "<group>";
		};
		9C9ACA7C24F779BB002D47B5 /* Helpers */ = {
			isa = PBXGroup;
			children = (
				9C9ACA7D24F779D2002D47B5 /* String.swift */,
				9C25231B24F9E2BB0023D660 /* DateFormatter.swift */,
				9C25231D24F9E2C20023D660 /* Date.swift */,
			);
			path = Helpers;
			sourceTree = "<group>";
		};
		9CEA63B724EE256500A2C446 /* Property Models */ = {
			isa = PBXGroup;
			children = (
				9CEA63B824EE257600A2C446 /* Address.swift */,
				9CEA63BA24EE26E700A2C446 /* Coordinates.swift */,
				9CEA63BE24EE3CA200A2C446 /* HospitalityContract.swift */,
				9C5F86DD24EF8DAC00DECB24 /* PickupCarton.swift */,
			);
			path = "Property Models";
			sourceTree = "<group>";
		};
/* End PBXGroup section */

/* Begin PBXNativeTarget section */
		466C426F249A8748007D033E /* labs-ios-starter */ = {
			isa = PBXNativeTarget;
			buildConfigurationList = 466C4284249A8749007D033E /* Build configuration list for PBXNativeTarget "labs-ios-starter" */;
			buildPhases = (
				466C426C249A8748007D033E /* Sources */,
				466C426D249A8748007D033E /* Frameworks */,
				466C426E249A8748007D033E /* Resources */,
			);
			buildRules = (
			);
			dependencies = (
			);
			name = "labs-ios-starter";
			packageProductDependencies = (
				9C2C775E24E1EE9E006EF13C /* OktaAuth */,
			);
			productName = LabsScaffolding;
			productReference = 466C4270249A8748007D033E /* labs-ios-starter.app */;
			productType = "com.apple.product-type.application";
		};
/* End PBXNativeTarget section */

/* Begin PBXProject section */
		466C4268249A8748007D033E /* Project object */ = {
			isa = PBXProject;
			attributes = {
				LastSwiftUpdateCheck = 1150;
				LastUpgradeCheck = 1150;
				ORGANIZATIONNAME = "Spencer Curtis";
				TargetAttributes = {
					466C426F249A8748007D033E = {
						CreatedOnToolsVersion = 11.5;
					};
				};
			};
			buildConfigurationList = 466C426B249A8748007D033E /* Build configuration list for PBXProject "labs-ios-starter" */;
			compatibilityVersion = "Xcode 9.3";
			developmentRegion = en;
			hasScannedForEncodings = 0;
			knownRegions = (
				en,
				Base,
			);
			mainGroup = 466C4267249A8748007D033E;
			packageReferences = (
				9C2C775D24E1EE9E006EF13C /* XCRemoteSwiftPackageReference "OktaAuth" */,
			);
			productRefGroup = 466C4271249A8748007D033E /* Products */;
			projectDirPath = "";
			projectRoot = "";
			targets = (
				466C426F249A8748007D033E /* labs-ios-starter */,
			);
		};
/* End PBXProject section */

/* Begin PBXResourcesBuildPhase section */
		466C426E249A8748007D033E /* Resources */ = {
			isa = PBXResourcesBuildPhase;
			buildActionMask = 2147483647;
			files = (
				13A4A7D124E1F363005326F9 /* Pickups.storyboard in Resources */,
				466C4280249A8749007D033E /* LaunchScreen.storyboard in Resources */,
				13A4A7CD24E1F332005326F9 /* Dashboard.storyboard in Resources */,
				466C427D249A8749007D033E /* Assets.xcassets in Resources */,
				13A4A7CF24E1F34D005326F9 /* Statistics.storyboard in Resources */,
				46BEB4F124C98F0D00FE0CD1 /* Profiles.storyboard in Resources */,
				1385B7692515A02A00953FD4 /* Payments.storyboard in Resources */,
				466C427B249A8748007D033E /* Main.storyboard in Resources */,
				13A4A7DC24E1FA42005326F9 /* Onboarding.storyboard in Resources */,
			);
			runOnlyForDeploymentPostprocessing = 0;
		};
/* End PBXResourcesBuildPhase section */

/* Begin PBXSourcesBuildPhase section */
		466C426C249A8748007D033E /* Sources */ = {
			isa = PBXSourcesBuildPhase;
			buildActionMask = 2147483647;
			files = (
				9C9ACA7E24F779D2002D47B5 /* String.swift in Sources */,
				13FD2AA024E46A72006D6B43 /* SelectPropertyViewController.swift in Sources */,
				9C364A9A24F6310E00FF204D /* Request.swift in Sources */,
				13BA9FE225001A8500973F03 /* PropertiesViewController.swift in Sources */,
				46BEB4EE24C98ECC00FE0CD1 /* ProfileController.swift in Sources */,
				13E0E39F24F819BC008AE0F8 /* PickupCartonTableViewCell.swift in Sources */,
				46BF10BE24D388FF001C6753 /* UIViewController+SimpleAlert.swift in Sources */,
				9C9A98E824E5078B007FC7DA /* Property.swift in Sources */,
				9C25231C24F9E2BB0023D660 /* DateFormatter.swift in Sources */,
				46BEB4E724C98D8900FE0CD1 /* Notifications.swift in Sources */,
				9C9ACA6E24F72327002D47B5 /* CreatePaymentInput.swift in Sources */,
				13A62495251BEA4600E335DC /* PickupDetailViewController.swift in Sources */,
				9CEA63BD24EE2D2800A2C446 /* Hub.swift in Sources */,
				9C9ACA7224F72EFD002D47B5 /* UpdateUserProfileInput.swift in Sources */,
				9C364A9C24F6393D00FF204D /* Input.swift in Sources */,
				9C9A98EC24E509B7007FC7DA /* ImpactStats.swift in Sources */,
				9C9A98E324E4F0D3007FC7DA /* NetworkController.swift in Sources */,
				13A4A7E924E24A8B005326F9 /* DashboardLayout.swift in Sources */,
				9CEA63BB24EE26E700A2C446 /* Coordinates.swift in Sources */,
				13C23F6024EC94AF00DC3F9A /* ImpactStatisticsIndividualCollectionViewCell.swift in Sources */,
				13EF37B7250FE86E002E7959 /* PropertyDetailViewController.swift in Sources */,
				46BEB4E124C9828800FE0CD1 /* Profile.swift in Sources */,
				13FD2A9524E45788006D6B43 /* PickupNotesTableViewCell.swift in Sources */,
				46BEB4E924C98DAF00FE0CD1 /* ProfileListViewController.swift in Sources */,
				13BA9FE025001A7900973F03 /* ProfileViewController.swift in Sources */,
				9CEA63C124EF5E7800A2C446 /* Payment.swift in Sources */,
				1380291A24E63E820000C9FA /* StatisticsLayout.swift in Sources */,
				9C9A98E124E4EF3C007FC7DA /* Queries.swift in Sources */,
				463AD24524CF2CDB00447BB8 /* AddProfileViewController.swift in Sources */,
				13A4A7DE24E1FB1E005326F9 /* HelperExtensions.swift in Sources */,
				466C4274249A8748007D033E /* AppDelegate.swift in Sources */,
				13DC372624E63C0A00AE20B3 /* ImpactStatisticsOverallCollectionViewCell.swift in Sources */,
				13518FBB2509C15D000C217F /* PropertyTableViewCell.swift in Sources */,
				9CEA63BF24EE3CA200A2C446 /* HospitalityContract.swift in Sources */,
				9CEA63B924EE257600A2C446 /* Address.swift in Sources */,
				13DC372424E63B5F00AE20B3 /* ImpactStatisticsViewController.swift in Sources */,
				9C25231E24F9E2C20023D660 /* Date.swift in Sources */,
				13FD2A9924E457A1006D6B43 /* PickupPropertyTableViewCell.swift in Sources */,
				13FD2AA224E49B39006D6B43 /* PickupsViewController.swift in Sources */,
				13A4A7EB24E35923005326F9 /* SchedulePickupViewController.swift in Sources */,
				13A4A7D524E1F8CF005326F9 /* DashboardViewController.swift in Sources */,
				1326A737250FFD4000EFA7CF /* PropertyInfoTableViewCell.swift in Sources */,
				1385B76B2515ACC000953FD4 /* MakePaymentViewController.swift in Sources */,
				13FD2A9C24E45C79006D6B43 /* AddPickupCartonTableViewCell.swift in Sources */,
				1385B76D2515ADEF00953FD4 /* PaymentInvoiceViewController.swift in Sources */,
				46C2BC9224D432F90077E49D /* ProfileTabBarViewController.swift in Sources */,
				133559EB24EDD09E00447EDE /* PickupTableViewCell.swift in Sources */,
				13BA9FDE24FD9FF800973F03 /* ConfrimPickupViewController.swift in Sources */,
				13D15E4B250895C700F021D5 /* ProfileInfoTableViewCell.swift in Sources */,
				9C364A8E24F5EA1600FF204D /* Mutator.swift in Sources */,
				13FD2A9324E4575D006D6B43 /* PickupDateTableViewCell.swift in Sources */,
				463AD24324CF275900447BB8 /* ProfileDetailViewController.swift in Sources */,
				9C5F86DE24EF8DAC00DECB24 /* PickupCarton.swift in Sources */,
				9C9A98E624E506A6007FC7DA /* User.swift in Sources */,
				13A4A7E224E2034F005326F9 /* DashboardCollectionViewCell.swift in Sources */,
				9C364A9324F60E8300FF204D /* CartonInput.swift in Sources */,
				9C9ACA7724F7541D002D47B5 /* ImpactStatsInput.swift in Sources */,
				9C364A9624F6217000FF204D /* ControllerEnums.swift in Sources */,
				9C364A9124F60E6100FF204D /* PickupInput.swift in Sources */,
				9C9ACA6C24F71F8C002D47B5 /* CancelPickupInput.swift in Sources */,
				46BEB4E524C98CDC00FE0CD1 /* LoginViewControllerStarter.swift in Sources */,
				9CEA63B624EE24A700A2C446 /* APIEnums.swift in Sources */,
				466C4276249A8748007D033E /* SceneDelegate.swift in Sources */,
				9C9ACA7924F76248002D47B5 /* UpdatePropertyInput.swift in Sources */,
				9C9A98EA24E508BE007FC7DA /* Pickup.swift in Sources */,
				9C9ACA7524F7524C002D47B5 /* CoordinatesInput.swift in Sources */,
				9C9ACA7024F7296B002D47B5 /* AddressInput.swift in Sources */,
			);
			runOnlyForDeploymentPostprocessing = 0;
		};
/* End PBXSourcesBuildPhase section */

/* Begin PBXVariantGroup section */
		466C4279249A8748007D033E /* Main.storyboard */ = {
			isa = PBXVariantGroup;
			children = (
				466C427A249A8748007D033E /* Base */,
			);
			name = Main.storyboard;
			sourceTree = "<group>";
		};
		466C427E249A8749007D033E /* LaunchScreen.storyboard */ = {
			isa = PBXVariantGroup;
			children = (
				466C427F249A8749007D033E /* Base */,
			);
			name = LaunchScreen.storyboard;
			sourceTree = "<group>";
		};
/* End PBXVariantGroup section */

/* Begin XCBuildConfiguration section */
		466C4282249A8749007D033E /* Debug */ = {
			isa = XCBuildConfiguration;
			buildSettings = {
				ALWAYS_SEARCH_USER_PATHS = NO;
				CLANG_ANALYZER_NONNULL = YES;
				CLANG_ANALYZER_NUMBER_OBJECT_CONVERSION = YES_AGGRESSIVE;
				CLANG_CXX_LANGUAGE_STANDARD = "gnu++14";
				CLANG_CXX_LIBRARY = "libc++";
				CLANG_ENABLE_MODULES = YES;
				CLANG_ENABLE_OBJC_ARC = YES;
				CLANG_ENABLE_OBJC_WEAK = YES;
				CLANG_WARN_BLOCK_CAPTURE_AUTORELEASING = YES;
				CLANG_WARN_BOOL_CONVERSION = YES;
				CLANG_WARN_COMMA = YES;
				CLANG_WARN_CONSTANT_CONVERSION = YES;
				CLANG_WARN_DEPRECATED_OBJC_IMPLEMENTATIONS = YES;
				CLANG_WARN_DIRECT_OBJC_ISA_USAGE = YES_ERROR;
				CLANG_WARN_DOCUMENTATION_COMMENTS = YES;
				CLANG_WARN_EMPTY_BODY = YES;
				CLANG_WARN_ENUM_CONVERSION = YES;
				CLANG_WARN_INFINITE_RECURSION = YES;
				CLANG_WARN_INT_CONVERSION = YES;
				CLANG_WARN_NON_LITERAL_NULL_CONVERSION = YES;
				CLANG_WARN_OBJC_IMPLICIT_RETAIN_SELF = YES;
				CLANG_WARN_OBJC_LITERAL_CONVERSION = YES;
				CLANG_WARN_OBJC_ROOT_CLASS = YES_ERROR;
				CLANG_WARN_RANGE_LOOP_ANALYSIS = YES;
				CLANG_WARN_STRICT_PROTOTYPES = YES;
				CLANG_WARN_SUSPICIOUS_MOVE = YES;
				CLANG_WARN_UNGUARDED_AVAILABILITY = YES_AGGRESSIVE;
				CLANG_WARN_UNREACHABLE_CODE = YES;
				CLANG_WARN__DUPLICATE_METHOD_MATCH = YES;
				COPY_PHASE_STRIP = NO;
				DEBUG_INFORMATION_FORMAT = dwarf;
				ENABLE_STRICT_OBJC_MSGSEND = YES;
				ENABLE_TESTABILITY = YES;
				GCC_C_LANGUAGE_STANDARD = gnu11;
				GCC_DYNAMIC_NO_PIC = NO;
				GCC_NO_COMMON_BLOCKS = YES;
				GCC_OPTIMIZATION_LEVEL = 0;
				GCC_PREPROCESSOR_DEFINITIONS = (
					"DEBUG=1",
					"$(inherited)",
				);
				GCC_WARN_64_TO_32_BIT_CONVERSION = YES;
				GCC_WARN_ABOUT_RETURN_TYPE = YES_ERROR;
				GCC_WARN_UNDECLARED_SELECTOR = YES;
				GCC_WARN_UNINITIALIZED_AUTOS = YES_AGGRESSIVE;
				GCC_WARN_UNUSED_FUNCTION = YES;
				GCC_WARN_UNUSED_VARIABLE = YES;
				IPHONEOS_DEPLOYMENT_TARGET = 13.0;
				MTL_ENABLE_DEBUG_INFO = INCLUDE_SOURCE;
				MTL_FAST_MATH = YES;
				ONLY_ACTIVE_ARCH = YES;
				SDKROOT = iphoneos;
				SWIFT_ACTIVE_COMPILATION_CONDITIONS = DEBUG;
				SWIFT_OPTIMIZATION_LEVEL = "-Onone";
			};
			name = Debug;
		};
		466C4283249A8749007D033E /* Release */ = {
			isa = XCBuildConfiguration;
			buildSettings = {
				ALWAYS_SEARCH_USER_PATHS = NO;
				CLANG_ANALYZER_NONNULL = YES;
				CLANG_ANALYZER_NUMBER_OBJECT_CONVERSION = YES_AGGRESSIVE;
				CLANG_CXX_LANGUAGE_STANDARD = "gnu++14";
				CLANG_CXX_LIBRARY = "libc++";
				CLANG_ENABLE_MODULES = YES;
				CLANG_ENABLE_OBJC_ARC = YES;
				CLANG_ENABLE_OBJC_WEAK = YES;
				CLANG_WARN_BLOCK_CAPTURE_AUTORELEASING = YES;
				CLANG_WARN_BOOL_CONVERSION = YES;
				CLANG_WARN_COMMA = YES;
				CLANG_WARN_CONSTANT_CONVERSION = YES;
				CLANG_WARN_DEPRECATED_OBJC_IMPLEMENTATIONS = YES;
				CLANG_WARN_DIRECT_OBJC_ISA_USAGE = YES_ERROR;
				CLANG_WARN_DOCUMENTATION_COMMENTS = YES;
				CLANG_WARN_EMPTY_BODY = YES;
				CLANG_WARN_ENUM_CONVERSION = YES;
				CLANG_WARN_INFINITE_RECURSION = YES;
				CLANG_WARN_INT_CONVERSION = YES;
				CLANG_WARN_NON_LITERAL_NULL_CONVERSION = YES;
				CLANG_WARN_OBJC_IMPLICIT_RETAIN_SELF = YES;
				CLANG_WARN_OBJC_LITERAL_CONVERSION = YES;
				CLANG_WARN_OBJC_ROOT_CLASS = YES_ERROR;
				CLANG_WARN_RANGE_LOOP_ANALYSIS = YES;
				CLANG_WARN_STRICT_PROTOTYPES = YES;
				CLANG_WARN_SUSPICIOUS_MOVE = YES;
				CLANG_WARN_UNGUARDED_AVAILABILITY = YES_AGGRESSIVE;
				CLANG_WARN_UNREACHABLE_CODE = YES;
				CLANG_WARN__DUPLICATE_METHOD_MATCH = YES;
				COPY_PHASE_STRIP = NO;
				DEBUG_INFORMATION_FORMAT = "dwarf-with-dsym";
				ENABLE_NS_ASSERTIONS = NO;
				ENABLE_STRICT_OBJC_MSGSEND = YES;
				GCC_C_LANGUAGE_STANDARD = gnu11;
				GCC_NO_COMMON_BLOCKS = YES;
				GCC_WARN_64_TO_32_BIT_CONVERSION = YES;
				GCC_WARN_ABOUT_RETURN_TYPE = YES_ERROR;
				GCC_WARN_UNDECLARED_SELECTOR = YES;
				GCC_WARN_UNINITIALIZED_AUTOS = YES_AGGRESSIVE;
				GCC_WARN_UNUSED_FUNCTION = YES;
				GCC_WARN_UNUSED_VARIABLE = YES;
				IPHONEOS_DEPLOYMENT_TARGET = 13.0;
				MTL_ENABLE_DEBUG_INFO = NO;
				MTL_FAST_MATH = YES;
				SDKROOT = iphoneos;
				SWIFT_COMPILATION_MODE = wholemodule;
				SWIFT_OPTIMIZATION_LEVEL = "-O";
				VALIDATE_PRODUCT = YES;
			};
			name = Release;
		};
		466C4285249A8749007D033E /* Debug */ = {
			isa = XCBuildConfiguration;
			buildSettings = {
				ASSETCATALOG_COMPILER_APPICON_NAME = AppIcon;
				CODE_SIGN_STYLE = Automatic;
				INFOPLIST_FILE = "labs-ios-starter/Application/Info.plist";
				IPHONEOS_DEPLOYMENT_TARGET = 13.0;
				LD_RUNPATH_SEARCH_PATHS = (
					"$(inherited)",
					"@executable_path/Frameworks",
				);
				PRODUCT_BUNDLE_IDENTIFIER = com.LambdaSchool.LabsScaffolding;
				PRODUCT_NAME = "$(TARGET_NAME)";
				SWIFT_VERSION = 5.0;
				TARGETED_DEVICE_FAMILY = "1,2";
			};
			name = Debug;
		};
		466C4286249A8749007D033E /* Release */ = {
			isa = XCBuildConfiguration;
			buildSettings = {
				ASSETCATALOG_COMPILER_APPICON_NAME = AppIcon;
				CODE_SIGN_STYLE = Automatic;
				INFOPLIST_FILE = "labs-ios-starter/Application/Info.plist";
				IPHONEOS_DEPLOYMENT_TARGET = 13.0;
				LD_RUNPATH_SEARCH_PATHS = (
					"$(inherited)",
					"@executable_path/Frameworks",
				);
				PRODUCT_BUNDLE_IDENTIFIER = com.LambdaSchool.LabsScaffolding;
				PRODUCT_NAME = "$(TARGET_NAME)";
				SWIFT_VERSION = 5.0;
				TARGETED_DEVICE_FAMILY = "1,2";
			};
			name = Release;
		};
/* End XCBuildConfiguration section */

/* Begin XCConfigurationList section */
		466C426B249A8748007D033E /* Build configuration list for PBXProject "labs-ios-starter" */ = {
			isa = XCConfigurationList;
			buildConfigurations = (
				466C4282249A8749007D033E /* Debug */,
				466C4283249A8749007D033E /* Release */,
			);
			defaultConfigurationIsVisible = 0;
			defaultConfigurationName = Release;
		};
		466C4284249A8749007D033E /* Build configuration list for PBXNativeTarget "labs-ios-starter" */ = {
			isa = XCConfigurationList;
			buildConfigurations = (
				466C4285249A8749007D033E /* Debug */,
				466C4286249A8749007D033E /* Release */,
			);
			defaultConfigurationIsVisible = 0;
			defaultConfigurationName = Release;
		};
/* End XCConfigurationList section */

/* Begin XCRemoteSwiftPackageReference section */
		9C2C775D24E1EE9E006EF13C /* XCRemoteSwiftPackageReference "OktaAuth" */ = {
			isa = XCRemoteSwiftPackageReference;
			repositoryURL = "git@github.com:SpencerCurtis/OktaAuth.git";
			requirement = {
				kind = upToNextMajorVersion;
				minimumVersion = 1.0.0;
			};
		};
/* End XCRemoteSwiftPackageReference section */

/* Begin XCSwiftPackageProductDependency section */
		9C2C775E24E1EE9E006EF13C /* OktaAuth */ = {
			isa = XCSwiftPackageProductDependency;
			package = 9C2C775D24E1EE9E006EF13C /* XCRemoteSwiftPackageReference "OktaAuth" */;
			productName = OktaAuth;
		};
/* End XCSwiftPackageProductDependency section */
	};
	rootObject = 466C4268249A8748007D033E /* Project object */;
}
