// !$*UTF8*$!
{
	archiveVersion = 1;
	classes = {
	};
	objectVersion = 51;
	objects = {

/* Begin PBXBuildFile section */
		0E839565B2FC9565D151F0DE /* Pods_Workout_Tracker.framework in Frameworks */ = {isa = PBXBuildFile; fileRef = E3FE37D0B544104F5948AD16 /* Pods_Workout_Tracker.framework */; };
		A34BD86C242767DF00D87601 /* workoutvid.mp4 in Resources */ = {isa = PBXBuildFile; fileRef = A3C96DD42427617000E59186 /* workoutvid.mp4 */; };
		A358D8E32423101C00AD45B4 /* ActivityScheduledTableViewCell.swift in Sources */ = {isa = PBXBuildFile; fileRef = A358D8E12423101C00AD45B4 /* ActivityScheduledTableViewCell.swift */; };
		A358D8E42423101C00AD45B4 /* ActivityScheduledTableViewCell.xib in Resources */ = {isa = PBXBuildFile; fileRef = A358D8E22423101C00AD45B4 /* ActivityScheduledTableViewCell.xib */; };
		A358D8E62423156900AD45B4 /* Mock Schedule.swift in Sources */ = {isa = PBXBuildFile; fileRef = A358D8E52423156900AD45B4 /* Mock Schedule.swift */; };
		A358D8E8242316D200AD45B4 /* Extensions to xibs.swift in Sources */ = {isa = PBXBuildFile; fileRef = A358D8E7242316D200AD45B4 /* Extensions to xibs.swift */; };
		A35F297923FA3DFC00C8157E /* LandingPageViewController.swift in Sources */ = {isa = PBXBuildFile; fileRef = A35F297823FA3DFC00C8157E /* LandingPageViewController.swift */; };
		A35F297B23FA468200C8157E /* Onboarding.storyboard in Resources */ = {isa = PBXBuildFile; fileRef = A35F297A23FA468200C8157E /* Onboarding.storyboard */; };
		A35F297D23FAE25000C8157E /* OnboardingFirstViewController.swift in Sources */ = {isa = PBXBuildFile; fileRef = A35F297C23FAE25000C8157E /* OnboardingFirstViewController.swift */; };
		A35F297F23FAE25B00C8157E /* OnboardingSecondViewController.swift in Sources */ = {isa = PBXBuildFile; fileRef = A35F297E23FAE25B00C8157E /* OnboardingSecondViewController.swift */; };
		A35F298623FE3CEB00C8157E /* OnBoardingPageViewController.swift in Sources */ = {isa = PBXBuildFile; fileRef = A35F298523FE3CEB00C8157E /* OnBoardingPageViewController.swift */; };
		A35F298823FE439900C8157E /* MyActivities.storyboard in Resources */ = {isa = PBXBuildFile; fileRef = A35F298723FE439900C8157E /* MyActivities.storyboard */; };
		A374DD9F2446C895008DA2D0 /* ScheduledWorkout.swift in Sources */ = {isa = PBXBuildFile; fileRef = A374DD9E2446C895008DA2D0 /* ScheduledWorkout.swift */; };
		A374DDA224480285008DA2D0 /* CodableStorage.swift in Sources */ = {isa = PBXBuildFile; fileRef = A374DDA124480285008DA2D0 /* CodableStorage.swift */; };
		A3860D7B244D66B8006F8D67 /* ActivityDetail.storyboard in Resources */ = {isa = PBXBuildFile; fileRef = A3860D7A244D66B8006F8D67 /* ActivityDetail.storyboard */; };
		A3860D7D244FE3F8006F8D67 /* CalendarPopUpViewController.swift in Sources */ = {isa = PBXBuildFile; fileRef = A3860D7C244FE3F8006F8D67 /* CalendarPopUpViewController.swift */; };
		A3860D7F244FE800006F8D67 /* PopOverCalendarPicker.storyboard in Resources */ = {isa = PBXBuildFile; fileRef = A3860D7E244FE800006F8D67 /* PopOverCalendarPicker.storyboard */; };
		A39AE3BB2449634400CFEE93 /* WorkoutStorage.swift in Sources */ = {isa = PBXBuildFile; fileRef = A39AE3BA2449634400CFEE93 /* WorkoutStorage.swift */; };
		A3A168422429AC22000D1E11 /* UserController.swift in Sources */ = {isa = PBXBuildFile; fileRef = A3A168412429AC22000D1E11 /* UserController.swift */; };
		A3E04CE42404D68200B114B9 /* CalendarSetup.storyboard in Resources */ = {isa = PBXBuildFile; fileRef = A3E04CE32404D68200B114B9 /* CalendarSetup.storyboard */; };
		A3E04CE62404E03D00B114B9 /* CalendarMainViewController.swift in Sources */ = {isa = PBXBuildFile; fileRef = A3E04CE52404E03D00B114B9 /* CalendarMainViewController.swift */; };
		A3E04CE82404E05300B114B9 /* DateCell.swift in Sources */ = {isa = PBXBuildFile; fileRef = A3E04CE72404E05300B114B9 /* DateCell.swift */; };
		A3E04CEA2404E06E00B114B9 /* DateHeader.swift in Sources */ = {isa = PBXBuildFile; fileRef = A3E04CE92404E06E00B114B9 /* DateHeader.swift */; };
		A3E04CEC2404E84000B114B9 /* MyActivitiesViewController.swift in Sources */ = {isa = PBXBuildFile; fileRef = A3E04CEB2404E84000B114B9 /* MyActivitiesViewController.swift */; };
		A3F9419F240CC54F00A04906 /* MyActivitiesDetailViewController.swift in Sources */ = {isa = PBXBuildFile; fileRef = A3F9419E240CC54F00A04906 /* MyActivitiesDetailViewController.swift */; };
		EF50C17523F4FF5200B16179 /* AppDelegate.swift in Sources */ = {isa = PBXBuildFile; fileRef = EF50C17423F4FF5200B16179 /* AppDelegate.swift */; };
		EF50C17723F4FF5200B16179 /* SceneDelegate.swift in Sources */ = {isa = PBXBuildFile; fileRef = EF50C17623F4FF5200B16179 /* SceneDelegate.swift */; };
		EF50C17923F4FF5200B16179 /* ViewController.swift in Sources */ = {isa = PBXBuildFile; fileRef = EF50C17823F4FF5200B16179 /* ViewController.swift */; };
		EF50C17C23F4FF5200B16179 /* Main.storyboard in Resources */ = {isa = PBXBuildFile; fileRef = EF50C17A23F4FF5200B16179 /* Main.storyboard */; };
		EF50C17E23F4FF5200B16179 /* Assets.xcassets in Resources */ = {isa = PBXBuildFile; fileRef = EF50C17D23F4FF5200B16179 /* Assets.xcassets */; };
		EF50C18123F4FF5200B16179 /* LaunchScreen.storyboard in Resources */ = {isa = PBXBuildFile; fileRef = EF50C17F23F4FF5200B16179 /* LaunchScreen.storyboard */; };
		EF50C18E23F5084A00B16179 /* Signup.storyboard in Resources */ = {isa = PBXBuildFile; fileRef = EF50C18D23F5084A00B16179 /* Signup.storyboard */; };
		EF50C19023F5087A00B16179 /* SignIn.storyboard in Resources */ = {isa = PBXBuildFile; fileRef = EF50C18F23F5087A00B16179 /* SignIn.storyboard */; };
		EF50C19223F5089C00B16179 /* Dashboard.storyboard in Resources */ = {isa = PBXBuildFile; fileRef = EF50C19123F5089C00B16179 /* Dashboard.storyboard */; };
		EF5D16562423111A00B1F0D3 /* CustomTextField.swift in Sources */ = {isa = PBXBuildFile; fileRef = EF5D16552423111A00B1F0D3 /* CustomTextField.swift */; };
		EF64D8DF23FCD31700A42596 /* CreateANewScheduleVC.swift in Sources */ = {isa = PBXBuildFile; fileRef = EF64D8DE23FCD31700A42596 /* CreateANewScheduleVC.swift */; };
		EF64D8E123FCEDFB00A42596 /* CreateASchedule.storyboard in Resources */ = {isa = PBXBuildFile; fileRef = EF64D8E023FCEDFB00A42596 /* CreateASchedule.storyboard */; };
		EF64D8E423FCEE9A00A42596 /* Progress.storyboard in Resources */ = {isa = PBXBuildFile; fileRef = EF64D8E323FCEE9A00A42596 /* Progress.storyboard */; };
		EF64D8E623FCEEC100A42596 /* WorkoutLibrary.storyboard in Resources */ = {isa = PBXBuildFile; fileRef = EF64D8E523FCEEC100A42596 /* WorkoutLibrary.storyboard */; };
		EF64D8E823FCEEDD00A42596 /* Settings.storyboard in Resources */ = {isa = PBXBuildFile; fileRef = EF64D8E723FCEEDD00A42596 /* Settings.storyboard */; };
		EF7644C323F8464900B9D1F3 /* SignupVC.swift in Sources */ = {isa = PBXBuildFile; fileRef = EF7644C223F8464900B9D1F3 /* SignupVC.swift */; };
		EF7644C523F84D7D00B9D1F3 /* SigninVC.swift in Sources */ = {isa = PBXBuildFile; fileRef = EF7644C423F84D7D00B9D1F3 /* SigninVC.swift */; };
		EF7644C823FB94DB00B9D1F3 /* DashboardVC.swift in Sources */ = {isa = PBXBuildFile; fileRef = EF7644C723FB94DB00B9D1F3 /* DashboardVC.swift */; };
		EF7644CA23FB950900B9D1F3 /* WorkoutLibraryVC.swift in Sources */ = {isa = PBXBuildFile; fileRef = EF7644C923FB950900B9D1F3 /* WorkoutLibraryVC.swift */; };
		EF7644CC23FB953800B9D1F3 /* ProgressVC.swift in Sources */ = {isa = PBXBuildFile; fileRef = EF7644CB23FB953800B9D1F3 /* ProgressVC.swift */; };
		EF7644CE23FB957600B9D1F3 /* SettingsVC.swift in Sources */ = {isa = PBXBuildFile; fileRef = EF7644CD23FB957600B9D1F3 /* SettingsVC.swift */; };
		EF91949E2417387C009FAE77 /* WorkoutImage.swift in Sources */ = {isa = PBXBuildFile; fileRef = EF91949D2417387C009FAE77 /* WorkoutImage.swift */; };
		EFAC0AA5240767110051FA0C /* WorkoutController.swift in Sources */ = {isa = PBXBuildFile; fileRef = EFAC0AA4240767110051FA0C /* WorkoutController.swift */; };
		EFAC0AA7240767D60051FA0C /* MuscleGroups.swift in Sources */ = {isa = PBXBuildFile; fileRef = EFAC0AA6240767D60051FA0C /* MuscleGroups.swift */; };
		EFB0901D244BB47A003D5675 /* FBController.swift in Sources */ = {isa = PBXBuildFile; fileRef = EFB0901C244BB47A003D5675 /* FBController.swift */; };
		EFB63D52244026830060D5CF /* WorkoutCollectionViewCell.swift in Sources */ = {isa = PBXBuildFile; fileRef = EFB63D51244026830060D5CF /* WorkoutCollectionViewCell.swift */; };
		EFC7674F2413426400FA3071 /* WorkoutDetailVC.swift in Sources */ = {isa = PBXBuildFile; fileRef = EFC7674E2413426400FA3071 /* WorkoutDetailVC.swift */; };
		EFD367E8240DF93B00E3B523 /* Workouts.swift in Sources */ = {isa = PBXBuildFile; fileRef = EFD367E7240DF93B00E3B523 /* Workouts.swift */; };
		EFED6D94240B7BAA00BCB88B /* WorkoutSelectionVC.swift in Sources */ = {isa = PBXBuildFile; fileRef = EFED6D93240B7BAA00BCB88B /* WorkoutSelectionVC.swift */; };
/* End PBXBuildFile section */

/* Begin PBXFileReference section */
		5AED793B5F3B04E7A685B5C2 /* Pods-Workout Tracker.debug.xcconfig */ = {isa = PBXFileReference; includeInIndex = 1; lastKnownFileType = text.xcconfig; name = "Pods-Workout Tracker.debug.xcconfig"; path = "Target Support Files/Pods-Workout Tracker/Pods-Workout Tracker.debug.xcconfig"; sourceTree = "<group>"; };
		A358D8E12423101C00AD45B4 /* ActivityScheduledTableViewCell.swift */ = {isa = PBXFileReference; lastKnownFileType = sourcecode.swift; path = ActivityScheduledTableViewCell.swift; sourceTree = "<group>"; };
		A358D8E22423101C00AD45B4 /* ActivityScheduledTableViewCell.xib */ = {isa = PBXFileReference; lastKnownFileType = file.xib; path = ActivityScheduledTableViewCell.xib; sourceTree = "<group>"; };
		A358D8E52423156900AD45B4 /* Mock Schedule.swift */ = {isa = PBXFileReference; lastKnownFileType = sourcecode.swift; path = "Mock Schedule.swift"; sourceTree = "<group>"; };
		A358D8E7242316D200AD45B4 /* Extensions to xibs.swift */ = {isa = PBXFileReference; lastKnownFileType = sourcecode.swift; path = "Extensions to xibs.swift"; sourceTree = "<group>"; };
		A35F297823FA3DFC00C8157E /* LandingPageViewController.swift */ = {isa = PBXFileReference; lastKnownFileType = sourcecode.swift; path = LandingPageViewController.swift; sourceTree = "<group>"; };
		A35F297A23FA468200C8157E /* Onboarding.storyboard */ = {isa = PBXFileReference; lastKnownFileType = file.storyboard; path = Onboarding.storyboard; sourceTree = "<group>"; };
		A35F297C23FAE25000C8157E /* OnboardingFirstViewController.swift */ = {isa = PBXFileReference; lastKnownFileType = sourcecode.swift; path = OnboardingFirstViewController.swift; sourceTree = "<group>"; };
		A35F297E23FAE25B00C8157E /* OnboardingSecondViewController.swift */ = {isa = PBXFileReference; lastKnownFileType = sourcecode.swift; path = OnboardingSecondViewController.swift; sourceTree = "<group>"; };
		A35F298023FCCB3B00C8157E /* OnBoardingPageViewController.swift */ = {isa = PBXFileReference; lastKnownFileType = sourcecode.swift; path = OnBoardingPageViewController.swift; sourceTree = "<group>"; };
		A35F298523FE3CEB00C8157E /* OnBoardingPageViewController.swift */ = {isa = PBXFileReference; fileEncoding = 4; lastKnownFileType = sourcecode.swift; path = OnBoardingPageViewController.swift; sourceTree = "<group>"; };
		A35F298723FE439900C8157E /* MyActivities.storyboard */ = {isa = PBXFileReference; lastKnownFileType = file.storyboard; name = MyActivities.storyboard; path = "Workout Tracker/MyActivities.storyboard"; sourceTree = "<group>"; };
		A374DD9E2446C895008DA2D0 /* ScheduledWorkout.swift */ = {isa = PBXFileReference; lastKnownFileType = sourcecode.swift; path = ScheduledWorkout.swift; sourceTree = "<group>"; };
		A374DDA124480285008DA2D0 /* CodableStorage.swift */ = {isa = PBXFileReference; lastKnownFileType = sourcecode.swift; path = CodableStorage.swift; sourceTree = "<group>"; };
		A3860D7A244D66B8006F8D67 /* ActivityDetail.storyboard */ = {isa = PBXFileReference; fileEncoding = 4; lastKnownFileType = file.storyboard; name = ActivityDetail.storyboard; path = "Workout Tracker/ActivityDetail.storyboard"; sourceTree = "<group>"; };
		A3860D7C244FE3F8006F8D67 /* CalendarPopUpViewController.swift */ = {isa = PBXFileReference; lastKnownFileType = sourcecode.swift; path = CalendarPopUpViewController.swift; sourceTree = "<group>"; };
		A3860D7E244FE800006F8D67 /* PopOverCalendarPicker.storyboard */ = {isa = PBXFileReference; fileEncoding = 4; lastKnownFileType = file.storyboard; name = PopOverCalendarPicker.storyboard; path = "Workout Tracker/PopOverCalendarPicker.storyboard"; sourceTree = "<group>"; };
		A39AE3BA2449634400CFEE93 /* WorkoutStorage.swift */ = {isa = PBXFileReference; lastKnownFileType = sourcecode.swift; path = WorkoutStorage.swift; sourceTree = "<group>"; };
		A3A168412429AC22000D1E11 /* UserController.swift */ = {isa = PBXFileReference; lastKnownFileType = sourcecode.swift; name = UserController.swift; path = "Workout Tracker/UserController.swift"; sourceTree = "<group>"; };
		A3C96DD42427617000E59186 /* workoutvid.mp4 */ = {isa = PBXFileReference; lastKnownFileType = file; path = workoutvid.mp4; sourceTree = "<group>"; };
		A3E04CE32404D68200B114B9 /* CalendarSetup.storyboard */ = {isa = PBXFileReference; lastKnownFileType = file.storyboard; path = CalendarSetup.storyboard; sourceTree = "<group>"; };
		A3E04CE52404E03D00B114B9 /* CalendarMainViewController.swift */ = {isa = PBXFileReference; lastKnownFileType = sourcecode.swift; path = CalendarMainViewController.swift; sourceTree = "<group>"; };
		A3E04CE72404E05300B114B9 /* DateCell.swift */ = {isa = PBXFileReference; lastKnownFileType = sourcecode.swift; path = DateCell.swift; sourceTree = "<group>"; };
		A3E04CE92404E06E00B114B9 /* DateHeader.swift */ = {isa = PBXFileReference; lastKnownFileType = sourcecode.swift; path = DateHeader.swift; sourceTree = "<group>"; };
		A3E04CEB2404E84000B114B9 /* MyActivitiesViewController.swift */ = {isa = PBXFileReference; lastKnownFileType = sourcecode.swift; name = MyActivitiesViewController.swift; path = "Workout Tracker/MyActivitiesViewController.swift"; sourceTree = "<group>"; };
		A3F9419E240CC54F00A04906 /* MyActivitiesDetailViewController.swift */ = {isa = PBXFileReference; lastKnownFileType = sourcecode.swift; name = MyActivitiesDetailViewController.swift; path = "Workout Tracker/MyActivitiesDetailViewController.swift"; sourceTree = "<group>"; };
		E3FE37D0B544104F5948AD16 /* Pods_Workout_Tracker.framework */ = {isa = PBXFileReference; explicitFileType = wrapper.framework; includeInIndex = 0; path = Pods_Workout_Tracker.framework; sourceTree = BUILT_PRODUCTS_DIR; };
		EF50C17123F4FF5200B16179 /* Workout Tracker.app */ = {isa = PBXFileReference; explicitFileType = wrapper.application; includeInIndex = 0; path = "Workout Tracker.app"; sourceTree = BUILT_PRODUCTS_DIR; };
		EF50C17423F4FF5200B16179 /* AppDelegate.swift */ = {isa = PBXFileReference; lastKnownFileType = sourcecode.swift; name = AppDelegate.swift; path = "Workout Tracker/AppDelegate.swift"; sourceTree = "<group>"; };
		EF50C17623F4FF5200B16179 /* SceneDelegate.swift */ = {isa = PBXFileReference; lastKnownFileType = sourcecode.swift; name = SceneDelegate.swift; path = "Workout Tracker/SceneDelegate.swift"; sourceTree = "<group>"; };
		EF50C17823F4FF5200B16179 /* ViewController.swift */ = {isa = PBXFileReference; lastKnownFileType = sourcecode.swift; path = ViewController.swift; sourceTree = "<group>"; };
		EF50C17B23F4FF5200B16179 /* Base */ = {isa = PBXFileReference; lastKnownFileType = file.storyboard; name = Base; path = Base.lproj/Main.storyboard; sourceTree = "<group>"; };
		EF50C17D23F4FF5200B16179 /* Assets.xcassets */ = {isa = PBXFileReference; lastKnownFileType = folder.assetcatalog; name = Assets.xcassets; path = "Workout Tracker/Assets.xcassets"; sourceTree = "<group>"; };
		EF50C18023F4FF5200B16179 /* Base */ = {isa = PBXFileReference; lastKnownFileType = file.storyboard; name = Base; path = Base.lproj/LaunchScreen.storyboard; sourceTree = "<group>"; };
		EF50C18223F4FF5200B16179 /* Info.plist */ = {isa = PBXFileReference; lastKnownFileType = text.plist.xml; path = Info.plist; sourceTree = "<group>"; };
		EF50C18D23F5084A00B16179 /* Signup.storyboard */ = {isa = PBXFileReference; lastKnownFileType = file.storyboard; path = Signup.storyboard; sourceTree = "<group>"; };
		EF50C18F23F5087A00B16179 /* SignIn.storyboard */ = {isa = PBXFileReference; lastKnownFileType = file.storyboard; path = SignIn.storyboard; sourceTree = "<group>"; };
		EF50C19123F5089C00B16179 /* Dashboard.storyboard */ = {isa = PBXFileReference; lastKnownFileType = file.storyboard; name = Dashboard.storyboard; path = "Workout Tracker/Dashboard.storyboard"; sourceTree = "<group>"; };
		EF5D16552423111A00B1F0D3 /* CustomTextField.swift */ = {isa = PBXFileReference; lastKnownFileType = sourcecode.swift; path = CustomTextField.swift; sourceTree = "<group>"; };
		EF64D8DE23FCD31700A42596 /* CreateANewScheduleVC.swift */ = {isa = PBXFileReference; lastKnownFileType = sourcecode.swift; name = CreateANewScheduleVC.swift; path = "Workout Tracker/CreateANewScheduleVC.swift"; sourceTree = "<group>"; };
		EF64D8E023FCEDFB00A42596 /* CreateASchedule.storyboard */ = {isa = PBXFileReference; fileEncoding = 4; lastKnownFileType = file.storyboard; name = CreateASchedule.storyboard; path = "Workout Tracker/CreateASchedule.storyboard"; sourceTree = "<group>"; };
		EF64D8E323FCEE9A00A42596 /* Progress.storyboard */ = {isa = PBXFileReference; fileEncoding = 4; lastKnownFileType = file.storyboard; name = Progress.storyboard; path = "Workout Tracker/Progress.storyboard"; sourceTree = "<group>"; };
		EF64D8E523FCEEC100A42596 /* WorkoutLibrary.storyboard */ = {isa = PBXFileReference; fileEncoding = 4; lastKnownFileType = file.storyboard; name = WorkoutLibrary.storyboard; path = "Workout Tracker/WorkoutLibrary.storyboard"; sourceTree = "<group>"; };
		EF64D8E723FCEEDD00A42596 /* Settings.storyboard */ = {isa = PBXFileReference; fileEncoding = 4; lastKnownFileType = file.storyboard; name = Settings.storyboard; path = "Workout Tracker/Settings.storyboard"; sourceTree = "<group>"; };
		EF7644C223F8464900B9D1F3 /* SignupVC.swift */ = {isa = PBXFileReference; lastKnownFileType = sourcecode.swift; path = SignupVC.swift; sourceTree = "<group>"; };
		EF7644C423F84D7D00B9D1F3 /* SigninVC.swift */ = {isa = PBXFileReference; lastKnownFileType = sourcecode.swift; path = SigninVC.swift; sourceTree = "<group>"; };
		EF7644C723FB94DB00B9D1F3 /* DashboardVC.swift */ = {isa = PBXFileReference; lastKnownFileType = sourcecode.swift; name = DashboardVC.swift; path = "Workout Tracker/DashboardVC.swift"; sourceTree = "<group>"; };
		EF7644C923FB950900B9D1F3 /* WorkoutLibraryVC.swift */ = {isa = PBXFileReference; lastKnownFileType = sourcecode.swift; name = WorkoutLibraryVC.swift; path = "Workout Tracker/WorkoutLibraryVC.swift"; sourceTree = "<group>"; };
		EF7644CB23FB953800B9D1F3 /* ProgressVC.swift */ = {isa = PBXFileReference; lastKnownFileType = sourcecode.swift; name = ProgressVC.swift; path = "Workout Tracker/ProgressVC.swift"; sourceTree = "<group>"; };
		EF7644CD23FB957600B9D1F3 /* SettingsVC.swift */ = {isa = PBXFileReference; lastKnownFileType = sourcecode.swift; name = SettingsVC.swift; path = "Workout Tracker/SettingsVC.swift"; sourceTree = "<group>"; };
		EF91949D2417387C009FAE77 /* WorkoutImage.swift */ = {isa = PBXFileReference; lastKnownFileType = sourcecode.swift; path = WorkoutImage.swift; sourceTree = "<group>"; };
		EFAC0AA4240767110051FA0C /* WorkoutController.swift */ = {isa = PBXFileReference; lastKnownFileType = sourcecode.swift; name = WorkoutController.swift; path = "Workout Tracker/WorkoutController.swift"; sourceTree = "<group>"; };
		EFAC0AA6240767D60051FA0C /* MuscleGroups.swift */ = {isa = PBXFileReference; lastKnownFileType = sourcecode.swift; path = MuscleGroups.swift; sourceTree = "<group>"; };
		EFB0901C244BB47A003D5675 /* FBController.swift */ = {isa = PBXFileReference; lastKnownFileType = sourcecode.swift; name = FBController.swift; path = "Workout Tracker/FBController.swift"; sourceTree = "<group>"; };
		EFB63D51244026830060D5CF /* WorkoutCollectionViewCell.swift */ = {isa = PBXFileReference; lastKnownFileType = sourcecode.swift; path = WorkoutCollectionViewCell.swift; sourceTree = "<group>"; };
		EFC7674E2413426400FA3071 /* WorkoutDetailVC.swift */ = {isa = PBXFileReference; lastKnownFileType = sourcecode.swift; name = WorkoutDetailVC.swift; path = "Workout Tracker/WorkoutDetailVC.swift"; sourceTree = "<group>"; };
		EFD367E7240DF93B00E3B523 /* Workouts.swift */ = {isa = PBXFileReference; lastKnownFileType = sourcecode.swift; path = Workouts.swift; sourceTree = "<group>"; };
		EFED6D93240B7BAA00BCB88B /* WorkoutSelectionVC.swift */ = {isa = PBXFileReference; lastKnownFileType = sourcecode.swift; name = WorkoutSelectionVC.swift; path = "Workout Tracker/WorkoutSelectionVC.swift"; sourceTree = "<group>"; };
		F6CF485891BBD03B7B5271C8 /* Pods-Workout Tracker.release.xcconfig */ = {isa = PBXFileReference; includeInIndex = 1; lastKnownFileType = text.xcconfig; name = "Pods-Workout Tracker.release.xcconfig"; path = "Target Support Files/Pods-Workout Tracker/Pods-Workout Tracker.release.xcconfig"; sourceTree = "<group>"; };
/* End PBXFileReference section */

/* Begin PBXFrameworksBuildPhase section */
		EF50C16E23F4FF5200B16179 /* Frameworks */ = {
			isa = PBXFrameworksBuildPhase;
			buildActionMask = 2147483647;
			files = (
				0E839565B2FC9565D151F0DE /* Pods_Workout_Tracker.framework in Frameworks */,
			);
			runOnlyForDeploymentPostprocessing = 0;
		};
/* End PBXFrameworksBuildPhase section */

/* Begin PBXGroup section */
		4BDDE0F0077A5CC3B4F79C0F /* Frameworks */ = {
			isa = PBXGroup;
			children = (
				E3FE37D0B544104F5948AD16 /* Pods_Workout_Tracker.framework */,
			);
			name = Frameworks;
			sourceTree = "<group>";
		};
		A358D8DF24230F6B00AD45B4 /* Activity Scheduled with Xib */ = {
			isa = PBXGroup;
			children = (
				A358D8E12423101C00AD45B4 /* ActivityScheduledTableViewCell.swift */,
				A358D8E22423101C00AD45B4 /* ActivityScheduledTableViewCell.xib */,
				A358D8E52423156900AD45B4 /* Mock Schedule.swift */,
				A358D8E7242316D200AD45B4 /* Extensions to xibs.swift */,
			);
			path = "Activity Scheduled with Xib";
			sourceTree = "<group>";
		};
		A358D8E024230F8800AD45B4 /* Date Cell with Xib */ = {
			isa = PBXGroup;
			children = (
			);
			name = "Date Cell with Xib";
			sourceTree = "<group>";
		};
		A35F298223FE3AE100C8157E /* Recovered References */ = {
			isa = PBXGroup;
			children = (
				A35F298023FCCB3B00C8157E /* OnBoardingPageViewController.swift */,
			);
			name = "Recovered References";
			sourceTree = "<group>";
		};
		A35F298923FF964200C8157E /* Custom Views */ = {
			isa = PBXGroup;
			children = (
				A3E04CE32404D68200B114B9 /* CalendarSetup.storyboard */,
			);
			name = "Custom Views";
			sourceTree = "<group>";
		};
		A35F298A23FF967800C8157E /* Custom Views */ = {
			isa = PBXGroup;
			children = (
				A3860D79244D61BE006F8D67 /* Calendar Custom */,
				EFB63D51244026830060D5CF /* WorkoutCollectionViewCell.swift */,
			);
			name = "Custom Views";
			sourceTree = "<group>";
		};
		A374DDA02448025E008DA2D0 /* Persistence */ = {
			isa = PBXGroup;
			children = (
				A374DDA124480285008DA2D0 /* CodableStorage.swift */,
				A39AE3BA2449634400CFEE93 /* WorkoutStorage.swift */,
			);
			name = Persistence;
			path = "Workout Tracker/Persistence";
			sourceTree = "<group>";
		};
		A3860D79244D61BE006F8D67 /* Calendar Custom */ = {
			isa = PBXGroup;
			children = (
				A3E04CE52404E03D00B114B9 /* CalendarMainViewController.swift */,
				A3E04CE72404E05300B114B9 /* DateCell.swift */,
				A3E04CE92404E06E00B114B9 /* DateHeader.swift */,
			);
			path = "Calendar Custom";
			sourceTree = "<group>";
		};
		EF50C16823F4FF5100B16179 = {
			isa = PBXGroup;
			children = (
				EF50C17323F4FF5200B16179 /* Workout Tracker */,
				EF50C17223F4FF5200B16179 /* Products */,
				A35F298223FE3AE100C8157E /* Recovered References */,
				F8E3DE1331B7AF66C4AC6309 /* Pods */,
				4BDDE0F0077A5CC3B4F79C0F /* Frameworks */,
			);
			sourceTree = "<group>";
		};
		EF50C17223F4FF5200B16179 /* Products */ = {
			isa = PBXGroup;
			children = (
				EF50C17123F4FF5200B16179 /* Workout Tracker.app */,
			);
			name = Products;
			sourceTree = "<group>";
		};
		EF50C17323F4FF5200B16179 /* Workout Tracker */ = {
			isa = PBXGroup;
			children = (
				EF5D1654242310D600B1F0D3 /* Helpers */,
				EF50C18A23F505E400B16179 /* Model */,
				EF50C18B23F5061300B16179 /* Controller */,
				EF50C18C23F5066000B16179 /* View Controllers */,
				A358D8DF24230F6B00AD45B4 /* Activity Scheduled with Xib */,
				A358D8E024230F8800AD45B4 /* Date Cell with Xib */,
				EF50C18823F5009700B16179 /* Storyboards */,
				EF50C18923F504D800B16179 /* Resources */,
				EF50C18223F4FF5200B16179 /* Info.plist */,
			);
			path = "Workout Tracker";
			sourceTree = "<group>";
		};
		EF50C18823F5009700B16179 /* Storyboards */ = {
			isa = PBXGroup;
			children = (
				EF50C17F23F4FF5200B16179 /* LaunchScreen.storyboard */,
				EF50C17A23F4FF5200B16179 /* Main.storyboard */,
				EF50C18D23F5084A00B16179 /* Signup.storyboard */,
				EF50C18F23F5087A00B16179 /* SignIn.storyboard */,
				A35F297A23FA468200C8157E /* Onboarding.storyboard */,
				EF64D8E223FCEE0A00A42596 /* Dashboards */,
				A35F298923FF964200C8157E /* Custom Views */,
			);
			name = Storyboards;
			sourceTree = "<group>";
		};
		EF50C18923F504D800B16179 /* Resources */ = {
			isa = PBXGroup;
			children = (
				EF50C17423F4FF5200B16179 /* AppDelegate.swift */,
				EF50C17623F4FF5200B16179 /* SceneDelegate.swift */,
				A3C96DD42427617000E59186 /* workoutvid.mp4 */,
				EF50C17D23F4FF5200B16179 /* Assets.xcassets */,
			);
			name = Resources;
			path = ..;
			sourceTree = "<group>";
		};
		EF50C18A23F505E400B16179 /* Model */ = {
			isa = PBXGroup;
			children = (
				EFAC0AA6240767D60051FA0C /* MuscleGroups.swift */,
				EFD367E7240DF93B00E3B523 /* Workouts.swift */,
				EF91949D2417387C009FAE77 /* WorkoutImage.swift */,
				A374DD9E2446C895008DA2D0 /* ScheduledWorkout.swift */,
			);
			name = Model;
			sourceTree = "<group>";
		};
		EF50C18B23F5061300B16179 /* Controller */ = {
			isa = PBXGroup;
			children = (
				A374DDA02448025E008DA2D0 /* Persistence */,
				EFAC0AA32407669D0051FA0C /* Networking */,
			);
			name = Controller;
			path = ..;
			sourceTree = "<group>";
		};
		EF50C18C23F5066000B16179 /* View Controllers */ = {
			isa = PBXGroup;
			children = (
				EF50C17823F4FF5200B16179 /* ViewController.swift */,
				EF7644C223F8464900B9D1F3 /* SignupVC.swift */,
				EF7644C423F84D7D00B9D1F3 /* SigninVC.swift */,
				A35F297823FA3DFC00C8157E /* LandingPageViewController.swift */,
				A35F297C23FAE25000C8157E /* OnboardingFirstViewController.swift */,
				A35F297E23FAE25B00C8157E /* OnboardingSecondViewController.swift */,
				A35F298523FE3CEB00C8157E /* OnBoardingPageViewController.swift */,
				EF7644C623FB949200B9D1F3 /* Dashboard */,
				A35F298A23FF967800C8157E /* Custom Views */,
			);
			name = "View Controllers";
			sourceTree = "<group>";
		};
		EF5D1654242310D600B1F0D3 /* Helpers */ = {
			isa = PBXGroup;
			children = (
				EF5D16552423111A00B1F0D3 /* CustomTextField.swift */,
			);
			name = Helpers;
			sourceTree = "<group>";
		};
		EF64D8E223FCEE0A00A42596 /* Dashboards */ = {
			isa = PBXGroup;
			children = (
				EF50C19123F5089C00B16179 /* Dashboard.storyboard */,
				EF64D8E723FCEEDD00A42596 /* Settings.storyboard */,
				EF64D8E523FCEEC100A42596 /* WorkoutLibrary.storyboard */,
				EF64D8E323FCEE9A00A42596 /* Progress.storyboard */,
				EF64D8E023FCEDFB00A42596 /* CreateASchedule.storyboard */,
				A3860D7E244FE800006F8D67 /* PopOverCalendarPicker.storyboard */,
				A35F298723FE439900C8157E /* MyActivities.storyboard */,
				A3860D7A244D66B8006F8D67 /* ActivityDetail.storyboard */,
			);
			name = Dashboards;
			path = ..;
			sourceTree = "<group>";
		};
		EF7644C623FB949200B9D1F3 /* Dashboard */ = {
			isa = PBXGroup;
			children = (
				EF7644C723FB94DB00B9D1F3 /* DashboardVC.swift */,
				EF64D8DE23FCD31700A42596 /* CreateANewScheduleVC.swift */,
				EF7644C923FB950900B9D1F3 /* WorkoutLibraryVC.swift */,
				EFED6D93240B7BAA00BCB88B /* WorkoutSelectionVC.swift */,
				EFC7674E2413426400FA3071 /* WorkoutDetailVC.swift */,
				EF7644CB23FB953800B9D1F3 /* ProgressVC.swift */,
				EF7644CD23FB957600B9D1F3 /* SettingsVC.swift */,
				A3E04CEB2404E84000B114B9 /* MyActivitiesViewController.swift */,
				A3F9419E240CC54F00A04906 /* MyActivitiesDetailViewController.swift */,
				A3860D7C244FE3F8006F8D67 /* CalendarPopUpViewController.swift */,
			);
			name = Dashboard;
			path = ..;
			sourceTree = "<group>";
		};
		EFAC0AA32407669D0051FA0C /* Networking */ = {
			isa = PBXGroup;
			children = (
				EFAC0AA4240767110051FA0C /* WorkoutController.swift */,
				A3A168412429AC22000D1E11 /* UserController.swift */,
				EFB0901C244BB47A003D5675 /* FBController.swift */,
			);
			name = Networking;
			sourceTree = "<group>";
		};
		F8E3DE1331B7AF66C4AC6309 /* Pods */ = {
			isa = PBXGroup;
			children = (
				5AED793B5F3B04E7A685B5C2 /* Pods-Workout Tracker.debug.xcconfig */,
				F6CF485891BBD03B7B5271C8 /* Pods-Workout Tracker.release.xcconfig */,
			);
			path = Pods;
			sourceTree = "<group>";
		};
/* End PBXGroup section */

/* Begin PBXNativeTarget section */
		EF50C17023F4FF5200B16179 /* Workout Tracker */ = {
			isa = PBXNativeTarget;
			buildConfigurationList = EF50C18523F4FF5200B16179 /* Build configuration list for PBXNativeTarget "Workout Tracker" */;
			buildPhases = (
				C257E3DD6064A5054760BCC6 /* [CP] Check Pods Manifest.lock */,
				EF50C16D23F4FF5200B16179 /* Sources */,
				EF50C16E23F4FF5200B16179 /* Frameworks */,
				EF50C16F23F4FF5200B16179 /* Resources */,
				95C3C8068F055273A748E23F /* [CP] Embed Pods Frameworks */,
			);
			buildRules = (
			);
			dependencies = (
			);
			name = "Workout Tracker";
			productName = "Workout Tracker";
			productReference = EF50C17123F4FF5200B16179 /* Workout Tracker.app */;
			productType = "com.apple.product-type.application";
		};
/* End PBXNativeTarget section */

/* Begin PBXProject section */
		EF50C16923F4FF5100B16179 /* Project object */ = {
			isa = PBXProject;
			attributes = {
				LastSwiftUpdateCheck = 1130;
				LastUpgradeCheck = 1130;
				ORGANIZATIONNAME = LambdaLabsPT7;
				TargetAttributes = {
					EF50C17023F4FF5200B16179 = {
						CreatedOnToolsVersion = 11.3.1;
					};
				};
			};
			buildConfigurationList = EF50C16C23F4FF5100B16179 /* Build configuration list for PBXProject "Workout Tracker" */;
			compatibilityVersion = "Xcode 9.3";
			developmentRegion = en;
			hasScannedForEncodings = 0;
			knownRegions = (
				en,
				Base,
			);
			mainGroup = EF50C16823F4FF5100B16179;
			productRefGroup = EF50C17223F4FF5200B16179 /* Products */;
			projectDirPath = "";
			projectRoot = "";
			targets = (
				EF50C17023F4FF5200B16179 /* Workout Tracker */,
			);
		};
/* End PBXProject section */

/* Begin PBXResourcesBuildPhase section */
		EF50C16F23F4FF5200B16179 /* Resources */ = {
			isa = PBXResourcesBuildPhase;
			buildActionMask = 2147483647;
			files = (
				A3860D7B244D66B8006F8D67 /* ActivityDetail.storyboard in Resources */,
				EF50C18123F4FF5200B16179 /* LaunchScreen.storyboard in Resources */,
				A3860D7F244FE800006F8D67 /* PopOverCalendarPicker.storyboard in Resources */,
				A35F298823FE439900C8157E /* MyActivities.storyboard in Resources */,
				EF50C19223F5089C00B16179 /* Dashboard.storyboard in Resources */,
				EF64D8E823FCEEDD00A42596 /* Settings.storyboard in Resources */,
				A358D8E42423101C00AD45B4 /* ActivityScheduledTableViewCell.xib in Resources */,
				A34BD86C242767DF00D87601 /* workoutvid.mp4 in Resources */,
				EF50C19023F5087A00B16179 /* SignIn.storyboard in Resources */,
				EF64D8E123FCEDFB00A42596 /* CreateASchedule.storyboard in Resources */,
				EF50C17E23F4FF5200B16179 /* Assets.xcassets in Resources */,
				A35F297B23FA468200C8157E /* Onboarding.storyboard in Resources */,
				EF64D8E423FCEE9A00A42596 /* Progress.storyboard in Resources */,
				EF50C18E23F5084A00B16179 /* Signup.storyboard in Resources */,
				A3E04CE42404D68200B114B9 /* CalendarSetup.storyboard in Resources */,
				EF64D8E623FCEEC100A42596 /* WorkoutLibrary.storyboard in Resources */,
				EF50C17C23F4FF5200B16179 /* Main.storyboard in Resources */,
			);
			runOnlyForDeploymentPostprocessing = 0;
		};
/* End PBXResourcesBuildPhase section */

/* Begin PBXShellScriptBuildPhase section */
		95C3C8068F055273A748E23F /* [CP] Embed Pods Frameworks */ = {
			isa = PBXShellScriptBuildPhase;
			buildActionMask = 2147483647;
			files = (
			);
			inputFileListPaths = (
				"${PODS_ROOT}/Target Support Files/Pods-Workout Tracker/Pods-Workout Tracker-frameworks-${CONFIGURATION}-input-files.xcfilelist",
			);
			name = "[CP] Embed Pods Frameworks";
			outputFileListPaths = (
				"${PODS_ROOT}/Target Support Files/Pods-Workout Tracker/Pods-Workout Tracker-frameworks-${CONFIGURATION}-output-files.xcfilelist",
			);
			runOnlyForDeploymentPostprocessing = 0;
			shellPath = /bin/sh;
			shellScript = "\"${PODS_ROOT}/Target Support Files/Pods-Workout Tracker/Pods-Workout Tracker-frameworks.sh\"\n";
			showEnvVarsInLog = 0;
		};
		C257E3DD6064A5054760BCC6 /* [CP] Check Pods Manifest.lock */ = {
			isa = PBXShellScriptBuildPhase;
			buildActionMask = 2147483647;
			files = (
			);
			inputFileListPaths = (
			);
			inputPaths = (
				"${PODS_PODFILE_DIR_PATH}/Podfile.lock",
				"${PODS_ROOT}/Manifest.lock",
			);
			name = "[CP] Check Pods Manifest.lock";
			outputFileListPaths = (
			);
			outputPaths = (
				"$(DERIVED_FILE_DIR)/Pods-Workout Tracker-checkManifestLockResult.txt",
			);
			runOnlyForDeploymentPostprocessing = 0;
			shellPath = /bin/sh;
			shellScript = "diff \"${PODS_PODFILE_DIR_PATH}/Podfile.lock\" \"${PODS_ROOT}/Manifest.lock\" > /dev/null\nif [ $? != 0 ] ; then\n    # print error to STDERR\n    echo \"error: The sandbox is not in sync with the Podfile.lock. Run 'pod install' or update your CocoaPods installation.\" >&2\n    exit 1\nfi\n# This output is used by Xcode 'outputs' to avoid re-running this script phase.\necho \"SUCCESS\" > \"${SCRIPT_OUTPUT_FILE_0}\"\n";
			showEnvVarsInLog = 0;
		};
/* End PBXShellScriptBuildPhase section */

/* Begin PBXSourcesBuildPhase section */
		EF50C16D23F4FF5200B16179 /* Sources */ = {
			isa = PBXSourcesBuildPhase;
			buildActionMask = 2147483647;
			files = (
				A3F9419F240CC54F00A04906 /* MyActivitiesDetailViewController.swift in Sources */,
				EF7644C323F8464900B9D1F3 /* SignupVC.swift in Sources */,
				A3E04CEA2404E06E00B114B9 /* DateHeader.swift in Sources */,
				A3E04CEC2404E84000B114B9 /* MyActivitiesViewController.swift in Sources */,
				A35F297923FA3DFC00C8157E /* LandingPageViewController.swift in Sources */,
				A358D8E62423156900AD45B4 /* Mock Schedule.swift in Sources */,
				A39AE3BB2449634400CFEE93 /* WorkoutStorage.swift in Sources */,
				A3860D7D244FE3F8006F8D67 /* CalendarPopUpViewController.swift in Sources */,
				EFB63D52244026830060D5CF /* WorkoutCollectionViewCell.swift in Sources */,
				EFC7674F2413426400FA3071 /* WorkoutDetailVC.swift in Sources */,
				EFAC0AA7240767D60051FA0C /* MuscleGroups.swift in Sources */,
				EF91949E2417387C009FAE77 /* WorkoutImage.swift in Sources */,
				EFB0901D244BB47A003D5675 /* FBController.swift in Sources */,
				EF5D16562423111A00B1F0D3 /* CustomTextField.swift in Sources */,
				EF7644CA23FB950900B9D1F3 /* WorkoutLibraryVC.swift in Sources */,
				A358D8E8242316D200AD45B4 /* Extensions to xibs.swift in Sources */,
				A374DDA224480285008DA2D0 /* CodableStorage.swift in Sources */,
				A35F297D23FAE25000C8157E /* OnboardingFirstViewController.swift in Sources */,
				A3A168422429AC22000D1E11 /* UserController.swift in Sources */,
				EFAC0AA5240767110051FA0C /* WorkoutController.swift in Sources */,
				EF50C17923F4FF5200B16179 /* ViewController.swift in Sources */,
				EFD367E8240DF93B00E3B523 /* Workouts.swift in Sources */,
				EF64D8DF23FCD31700A42596 /* CreateANewScheduleVC.swift in Sources */,
				A35F298623FE3CEB00C8157E /* OnBoardingPageViewController.swift in Sources */,
				EFED6D94240B7BAA00BCB88B /* WorkoutSelectionVC.swift in Sources */,
				A3E04CE82404E05300B114B9 /* DateCell.swift in Sources */,
				A3E04CE62404E03D00B114B9 /* CalendarMainViewController.swift in Sources */,
				EF7644CE23FB957600B9D1F3 /* SettingsVC.swift in Sources */,
				EF7644C823FB94DB00B9D1F3 /* DashboardVC.swift in Sources */,
				EF7644C523F84D7D00B9D1F3 /* SigninVC.swift in Sources */,
				A35F297F23FAE25B00C8157E /* OnboardingSecondViewController.swift in Sources */,
				EF50C17523F4FF5200B16179 /* AppDelegate.swift in Sources */,
				EF7644CC23FB953800B9D1F3 /* ProgressVC.swift in Sources */,
				A374DD9F2446C895008DA2D0 /* ScheduledWorkout.swift in Sources */,
				A358D8E32423101C00AD45B4 /* ActivityScheduledTableViewCell.swift in Sources */,
				EF50C17723F4FF5200B16179 /* SceneDelegate.swift in Sources */,
			);
			runOnlyForDeploymentPostprocessing = 0;
		};
/* End PBXSourcesBuildPhase section */

/* Begin PBXVariantGroup section */
		EF50C17A23F4FF5200B16179 /* Main.storyboard */ = {
			isa = PBXVariantGroup;
			children = (
				EF50C17B23F4FF5200B16179 /* Base */,
			);
			name = Main.storyboard;
			sourceTree = "<group>";
		};
		EF50C17F23F4FF5200B16179 /* LaunchScreen.storyboard */ = {
			isa = PBXVariantGroup;
			children = (
				EF50C18023F4FF5200B16179 /* Base */,
			);
			name = LaunchScreen.storyboard;
			sourceTree = "<group>";
		};
/* End PBXVariantGroup section */

/* Begin XCBuildConfiguration section */
		EF50C18323F4FF5200B16179 /* Debug */ = {
			isa = XCBuildConfiguration;
			buildSettings = {
				ALWAYS_SEARCH_USER_PATHS = NO;
				CLANG_ANALYZER_NONNULL = YES;
				CLANG_ANALYZER_NUMBER_OBJECT_CONVERSION = YES_AGGRESSIVE;
				CLANG_CXX_LANGUAGE_STANDARD = "gnu++14";
				CLANG_CXX_LIBRARY = "libc++";
				CLANG_ENABLE_MODULES = YES;
				CLANG_ENABLE_OBJC_ARC = YES;
				CLANG_ENABLE_OBJC_WEAK = YES;
				CLANG_WARN_BLOCK_CAPTURE_AUTORELEASING = YES;
				CLANG_WARN_BOOL_CONVERSION = YES;
				CLANG_WARN_COMMA = YES;
				CLANG_WARN_CONSTANT_CONVERSION = YES;
				CLANG_WARN_DEPRECATED_OBJC_IMPLEMENTATIONS = YES;
				CLANG_WARN_DIRECT_OBJC_ISA_USAGE = YES_ERROR;
				CLANG_WARN_DOCUMENTATION_COMMENTS = YES;
				CLANG_WARN_EMPTY_BODY = YES;
				CLANG_WARN_ENUM_CONVERSION = YES;
				CLANG_WARN_INFINITE_RECURSION = YES;
				CLANG_WARN_INT_CONVERSION = YES;
				CLANG_WARN_NON_LITERAL_NULL_CONVERSION = YES;
				CLANG_WARN_OBJC_IMPLICIT_RETAIN_SELF = YES;
				CLANG_WARN_OBJC_LITERAL_CONVERSION = YES;
				CLANG_WARN_OBJC_ROOT_CLASS = YES_ERROR;
				CLANG_WARN_RANGE_LOOP_ANALYSIS = YES;
				CLANG_WARN_STRICT_PROTOTYPES = YES;
				CLANG_WARN_SUSPICIOUS_MOVE = YES;
				CLANG_WARN_UNGUARDED_AVAILABILITY = YES_AGGRESSIVE;
				CLANG_WARN_UNREACHABLE_CODE = YES;
				CLANG_WARN__DUPLICATE_METHOD_MATCH = YES;
				COPY_PHASE_STRIP = NO;
				DEBUG_INFORMATION_FORMAT = dwarf;
				ENABLE_STRICT_OBJC_MSGSEND = YES;
				ENABLE_TESTABILITY = YES;
				GCC_C_LANGUAGE_STANDARD = gnu11;
				GCC_DYNAMIC_NO_PIC = NO;
				GCC_NO_COMMON_BLOCKS = YES;
				GCC_OPTIMIZATION_LEVEL = 0;
				GCC_PREPROCESSOR_DEFINITIONS = (
					"DEBUG=1",
					"$(inherited)",
				);
				GCC_WARN_64_TO_32_BIT_CONVERSION = YES;
				GCC_WARN_ABOUT_RETURN_TYPE = YES_ERROR;
				GCC_WARN_UNDECLARED_SELECTOR = YES;
				GCC_WARN_UNINITIALIZED_AUTOS = YES_AGGRESSIVE;
				GCC_WARN_UNUSED_FUNCTION = YES;
				GCC_WARN_UNUSED_VARIABLE = YES;
				IPHONEOS_DEPLOYMENT_TARGET = 13.2;
				MTL_ENABLE_DEBUG_INFO = INCLUDE_SOURCE;
				MTL_FAST_MATH = YES;
				ONLY_ACTIVE_ARCH = YES;
				SDKROOT = iphoneos;
				SWIFT_ACTIVE_COMPILATION_CONDITIONS = DEBUG;
				SWIFT_OPTIMIZATION_LEVEL = "-Onone";
			};
			name = Debug;
		};
		EF50C18423F4FF5200B16179 /* Release */ = {
			isa = XCBuildConfiguration;
			buildSettings = {
				ALWAYS_SEARCH_USER_PATHS = NO;
				CLANG_ANALYZER_NONNULL = YES;
				CLANG_ANALYZER_NUMBER_OBJECT_CONVERSION = YES_AGGRESSIVE;
				CLANG_CXX_LANGUAGE_STANDARD = "gnu++14";
				CLANG_CXX_LIBRARY = "libc++";
				CLANG_ENABLE_MODULES = YES;
				CLANG_ENABLE_OBJC_ARC = YES;
				CLANG_ENABLE_OBJC_WEAK = YES;
				CLANG_WARN_BLOCK_CAPTURE_AUTORELEASING = YES;
				CLANG_WARN_BOOL_CONVERSION = YES;
				CLANG_WARN_COMMA = YES;
				CLANG_WARN_CONSTANT_CONVERSION = YES;
				CLANG_WARN_DEPRECATED_OBJC_IMPLEMENTATIONS = YES;
				CLANG_WARN_DIRECT_OBJC_ISA_USAGE = YES_ERROR;
				CLANG_WARN_DOCUMENTATION_COMMENTS = YES;
				CLANG_WARN_EMPTY_BODY = YES;
				CLANG_WARN_ENUM_CONVERSION = YES;
				CLANG_WARN_INFINITE_RECURSION = YES;
				CLANG_WARN_INT_CONVERSION = YES;
				CLANG_WARN_NON_LITERAL_NULL_CONVERSION = YES;
				CLANG_WARN_OBJC_IMPLICIT_RETAIN_SELF = YES;
				CLANG_WARN_OBJC_LITERAL_CONVERSION = YES;
				CLANG_WARN_OBJC_ROOT_CLASS = YES_ERROR;
				CLANG_WARN_RANGE_LOOP_ANALYSIS = YES;
				CLANG_WARN_STRICT_PROTOTYPES = YES;
				CLANG_WARN_SUSPICIOUS_MOVE = YES;
				CLANG_WARN_UNGUARDED_AVAILABILITY = YES_AGGRESSIVE;
				CLANG_WARN_UNREACHABLE_CODE = YES;
				CLANG_WARN__DUPLICATE_METHOD_MATCH = YES;
				COPY_PHASE_STRIP = NO;
				DEBUG_INFORMATION_FORMAT = "dwarf-with-dsym";
				ENABLE_NS_ASSERTIONS = NO;
				ENABLE_STRICT_OBJC_MSGSEND = YES;
				GCC_C_LANGUAGE_STANDARD = gnu11;
				GCC_NO_COMMON_BLOCKS = YES;
				GCC_WARN_64_TO_32_BIT_CONVERSION = YES;
				GCC_WARN_ABOUT_RETURN_TYPE = YES_ERROR;
				GCC_WARN_UNDECLARED_SELECTOR = YES;
				GCC_WARN_UNINITIALIZED_AUTOS = YES_AGGRESSIVE;
				GCC_WARN_UNUSED_FUNCTION = YES;
				GCC_WARN_UNUSED_VARIABLE = YES;
				IPHONEOS_DEPLOYMENT_TARGET = 13.2;
				MTL_ENABLE_DEBUG_INFO = NO;
				MTL_FAST_MATH = YES;
				SDKROOT = iphoneos;
				SWIFT_COMPILATION_MODE = wholemodule;
				SWIFT_OPTIMIZATION_LEVEL = "-O";
				VALIDATE_PRODUCT = YES;
			};
			name = Release;
		};
		EF50C18623F4FF5200B16179 /* Debug */ = {
			isa = XCBuildConfiguration;
			baseConfigurationReference = 5AED793B5F3B04E7A685B5C2 /* Pods-Workout Tracker.debug.xcconfig */;
			buildSettings = {
				ASSETCATALOG_COMPILER_APPICON_NAME = AppIcon;
				CODE_SIGN_STYLE = Automatic;
				DEVELOPMENT_TEAM = "";
				INFOPLIST_FILE = "Workout Tracker/Info.plist";
				LD_RUNPATH_SEARCH_PATHS = (
					"$(inherited)",
					"@executable_path/Frameworks",
				);
				PRODUCT_BUNDLE_IDENTIFIER = "com.lambdaLabsPT7.Workout-Tracker";
				PRODUCT_NAME = "$(TARGET_NAME)";
				SWIFT_VERSION = 5.0;
				TARGETED_DEVICE_FAMILY = 1;
			};
			name = Debug;
		};
		EF50C18723F4FF5200B16179 /* Release */ = {
			isa = XCBuildConfiguration;
			baseConfigurationReference = F6CF485891BBD03B7B5271C8 /* Pods-Workout Tracker.release.xcconfig */;
			buildSettings = {
				ASSETCATALOG_COMPILER_APPICON_NAME = AppIcon;
				CODE_SIGN_STYLE = Automatic;
				DEVELOPMENT_TEAM = "";
				INFOPLIST_FILE = "Workout Tracker/Info.plist";
				LD_RUNPATH_SEARCH_PATHS = (
					"$(inherited)",
					"@executable_path/Frameworks",
				);
				PRODUCT_BUNDLE_IDENTIFIER = "com.lambdaLabsPT7.Workout-Tracker";
				PRODUCT_NAME = "$(TARGET_NAME)";
				SWIFT_VERSION = 5.0;
				TARGETED_DEVICE_FAMILY = 1;
			};
			name = Release;
		};
/* End XCBuildConfiguration section */

/* Begin XCConfigurationList section */
		EF50C16C23F4FF5100B16179 /* Build configuration list for PBXProject "Workout Tracker" */ = {
			isa = XCConfigurationList;
			buildConfigurations = (
				EF50C18323F4FF5200B16179 /* Debug */,
				EF50C18423F4FF5200B16179 /* Release */,
			);
			defaultConfigurationIsVisible = 0;
			defaultConfigurationName = Release;
		};
		EF50C18523F4FF5200B16179 /* Build configuration list for PBXNativeTarget "Workout Tracker" */ = {
			isa = XCConfigurationList;
			buildConfigurations = (
				EF50C18623F4FF5200B16179 /* Debug */,
				EF50C18723F4FF5200B16179 /* Release */,
			);
			defaultConfigurationIsVisible = 0;
			defaultConfigurationName = Release;
		};
/* End XCConfigurationList section */
	};
	rootObject = EF50C16923F4FF5100B16179 /* Project object */;
}
